// !$*UTF8*$!
{
	archiveVersion = 1;
	classes = {
	};
	objectVersion = 70;
	objects = {

/* Begin PBXBuildFile section */
		6D3684B423BF844000492195 /* SwiftWings.framework in Frameworks */ = {isa = PBXBuildFile; fileRef = 6D36849B23BF82A600492195 /* SwiftWings.framework */; };
/* End PBXBuildFile section */

/* Begin PBXContainerItemProxy section */
		6D3684B523BF844000492195 /* PBXContainerItemProxy */ = {
			isa = PBXContainerItemProxy;
			containerPortal = 6D36849223BF82A600492195 /* Project object */;
			proxyType = 1;
			remoteGlobalIDString = 6D36849A23BF82A600492195;
			remoteInfo = SwiftWings;
		};
/* End PBXContainerItemProxy section */

/* Begin PBXFileReference section */
		1FAA86F1257C450200931FB9 /* SwiftWings macOS.framework */ = {isa = PBXFileReference; explicitFileType = wrapper.framework; includeInIndex = 0; path = "SwiftWings macOS.framework"; sourceTree = BUILT_PRODUCTS_DIR; };
		6D21BEC623CC3F2F00526DAF /* SwiftWings.framework */ = {isa = PBXFileReference; explicitFileType = wrapper.framework; includeInIndex = 0; path = SwiftWings.framework; sourceTree = BUILT_PRODUCTS_DIR; };
		6D21BED823CC3F6500526DAF /* SwiftWings.framework */ = {isa = PBXFileReference; explicitFileType = wrapper.framework; includeInIndex = 0; path = SwiftWings.framework; sourceTree = BUILT_PRODUCTS_DIR; };
		6D36849B23BF82A600492195 /* SwiftWings.framework */ = {isa = PBXFileReference; explicitFileType = wrapper.framework; includeInIndex = 0; path = SwiftWings.framework; sourceTree = BUILT_PRODUCTS_DIR; };
		6D3684AF23BF844000492195 /* SwiftWingsTests.xctest */ = {isa = PBXFileReference; explicitFileType = wrapper.cfbundle; includeInIndex = 0; path = SwiftWingsTests.xctest; sourceTree = BUILT_PRODUCTS_DIR; };
/* End PBXFileReference section */

/* Begin PBXFileSystemSynchronizedBuildFileExceptionSet section */
		6D5910842F2DFD8D0055927D /* PBXFileSystemSynchronizedBuildFileExceptionSet */ = {
			isa = PBXFileSystemSynchronizedBuildFileExceptionSet;
			membershipExceptions = (
				Info.plist,
			);
			publicHeaders = (
				SwiftWings.h,
			);
			target = 6D36849A23BF82A600492195 /* SwiftWings */;
		};
		6D5910852F2DFD8D0055927D /* PBXFileSystemSynchronizedBuildFileExceptionSet */ = {
			isa = PBXFileSystemSynchronizedBuildFileExceptionSet;
			membershipExceptions = (
				Info.plist,
			);
			publicHeaders = (
				SwiftWings.h,
			);
			target = 6D21BEB623CC3F2F00526DAF /* SwiftWings watchOS */;
		};
		6D5910862F2DFD8D0055927D /* PBXFileSystemSynchronizedBuildFileExceptionSet */ = {
			isa = PBXFileSystemSynchronizedBuildFileExceptionSet;
			membershipExceptions = (
				Info.plist,
			);
			publicHeaders = (
				SwiftWings.h,
			);
			target = 6D21BEC823CC3F6500526DAF /* SwiftWings tvOS */;
		};
		6D5910872F2DFD8D0055927D /* PBXFileSystemSynchronizedBuildFileExceptionSet */ = {
			isa = PBXFileSystemSynchronizedBuildFileExceptionSet;
			membershipExceptions = (
				Info.plist,
			);
			publicHeaders = (
				SwiftWings.h,
			);
			target = 1FAA86CF257C450200931FB9 /* SwiftWings macOS */;
		};
		6D5911042F2DFE960055927D /* PBXFileSystemSynchronizedBuildFileExceptionSet */ = {
			isa = PBXFileSystemSynchronizedBuildFileExceptionSet;
			membershipExceptions = (
				Info.plist,
			);
			target = 6D3684AE23BF844000492195 /* SwiftWingsTests */;
		};
/* End PBXFileSystemSynchronizedBuildFileExceptionSet section */

/* Begin PBXFileSystemSynchronizedRootGroup section */
		6D590FFF2F2DFD8D0055927D /* Sources */ = {isa = PBXFileSystemSynchronizedRootGroup; exceptions = (6D5910842F2DFD8D0055927D /* PBXFileSystemSynchronizedBuildFileExceptionSet */, 6D5910852F2DFD8D0055927D /* PBXFileSystemSynchronizedBuildFileExceptionSet */, 6D5910862F2DFD8D0055927D /* PBXFileSystemSynchronizedBuildFileExceptionSet */, 6D5910872F2DFD8D0055927D /* PBXFileSystemSynchronizedBuildFileExceptionSet */, ); explicitFileTypes = {}; explicitFolders = (); path = Sources; sourceTree = "<group>"; };
		6D5910D02F2DFE960055927D /* Tests */ = {isa = PBXFileSystemSynchronizedRootGroup; exceptions = (6D5911042F2DFE960055927D /* PBXFileSystemSynchronizedBuildFileExceptionSet */, ); explicitFileTypes = {}; explicitFolders = (); path = Tests; sourceTree = "<group>"; };
/* End PBXFileSystemSynchronizedRootGroup section */

/* Begin PBXFrameworksBuildPhase section */
		1FAA86EC257C450200931FB9 /* Frameworks */ = {
			isa = PBXFrameworksBuildPhase;
			buildActionMask = 2147483647;
			files = (
			);
			runOnlyForDeploymentPostprocessing = 0;
		};
		6D21BEC123CC3F2F00526DAF /* Frameworks */ = {
			isa = PBXFrameworksBuildPhase;
			buildActionMask = 2147483647;
			files = (
			);
			runOnlyForDeploymentPostprocessing = 0;
		};
		6D21BED323CC3F6500526DAF /* Frameworks */ = {
			isa = PBXFrameworksBuildPhase;
			buildActionMask = 2147483647;
			files = (
			);
			runOnlyForDeploymentPostprocessing = 0;
		};
		6D36849823BF82A600492195 /* Frameworks */ = {
			isa = PBXFrameworksBuildPhase;
			buildActionMask = 2147483647;
			files = (
			);
			runOnlyForDeploymentPostprocessing = 0;
		};
		6D3684AC23BF844000492195 /* Frameworks */ = {
			isa = PBXFrameworksBuildPhase;
			buildActionMask = 2147483647;
			files = (
				6D3684B423BF844000492195 /* SwiftWings.framework in Frameworks */,
			);
			runOnlyForDeploymentPostprocessing = 0;
		};
/* End PBXFrameworksBuildPhase section */

/* Begin PBXGroup section */
		6D36849123BF82A600492195 = {
			isa = PBXGroup;
			children = (
				6D590FFF2F2DFD8D0055927D /* Sources */,
				6D5910D02F2DFE960055927D /* Tests */,
				6D36849C23BF82A600492195 /* Products */,
			);
			indentWidth = 2;
			sourceTree = "<group>";
			tabWidth = 2;
		};
		6D36849C23BF82A600492195 /* Products */ = {
			isa = PBXGroup;
			children = (
				6D36849B23BF82A600492195 /* SwiftWings.framework */,
				6D3684AF23BF844000492195 /* SwiftWingsTests.xctest */,
				6D21BEC623CC3F2F00526DAF /* SwiftWings.framework */,
				6D21BED823CC3F6500526DAF /* SwiftWings.framework */,
				1FAA86F1257C450200931FB9 /* SwiftWings macOS.framework */,
			);
			name = Products;
			sourceTree = "<group>";
		};
/* End PBXGroup section */

/* Begin PBXHeadersBuildPhase section */
		1FAA86D0257C450200931FB9 /* Headers */ = {
			isa = PBXHeadersBuildPhase;
			buildActionMask = 2147483647;
			files = (
			);
			runOnlyForDeploymentPostprocessing = 0;
		};
		6D21BEB723CC3F2F00526DAF /* Headers */ = {
			isa = PBXHeadersBuildPhase;
			buildActionMask = 2147483647;
			files = (
			);
			runOnlyForDeploymentPostprocessing = 0;
		};
		6D21BEC923CC3F6500526DAF /* Headers */ = {
			isa = PBXHeadersBuildPhase;
			buildActionMask = 2147483647;
			files = (
			);
			runOnlyForDeploymentPostprocessing = 0;
		};
		6D36849623BF82A600492195 /* Headers */ = {
			isa = PBXHeadersBuildPhase;
			buildActionMask = 2147483647;
			files = (
			);
			runOnlyForDeploymentPostprocessing = 0;
		};
/* End PBXHeadersBuildPhase section */

/* Begin PBXNativeTarget section */
		1FAA86CF257C450200931FB9 /* SwiftWings macOS */ = {
			isa = PBXNativeTarget;
			buildConfigurationList = 1FAA86EE257C450200931FB9 /* Build configuration list for PBXNativeTarget "SwiftWings macOS" */;
			buildPhases = (
				1FAA86D0257C450200931FB9 /* Headers */,
				1FAA86D2257C450200931FB9 /* Sources */,
				1FAA86EC257C450200931FB9 /* Frameworks */,
				1FAA86ED257C450200931FB9 /* Resources */,
			);
			buildRules = (
			);
			dependencies = (
			);
			fileSystemSynchronizedGroups = (
				6D590FFF2F2DFD8D0055927D /* Sources */,
			);
			name = "SwiftWings macOS";
			productName = SwiftWings;
			productReference = 1FAA86F1257C450200931FB9 /* SwiftWings macOS.framework */;
			productType = "com.apple.product-type.framework";
		};
		6D21BEB623CC3F2F00526DAF /* SwiftWings watchOS */ = {
			isa = PBXNativeTarget;
			buildConfigurationList = 6D21BEC323CC3F2F00526DAF /* Build configuration list for PBXNativeTarget "SwiftWings watchOS" */;
			buildPhases = (
				6D21BEB723CC3F2F00526DAF /* Headers */,
				6D21BEB923CC3F2F00526DAF /* Sources */,
				6D21BEC123CC3F2F00526DAF /* Frameworks */,
				6D21BEC223CC3F2F00526DAF /* Resources */,
			);
			buildRules = (
			);
			dependencies = (
			);
			fileSystemSynchronizedGroups = (
				6D590FFF2F2DFD8D0055927D /* Sources */,
			);
			name = "SwiftWings watchOS";
			productName = SwiftWings;
			productReference = 6D21BEC623CC3F2F00526DAF /* SwiftWings.framework */;
			productType = "com.apple.product-type.framework";
		};
		6D21BEC823CC3F6500526DAF /* SwiftWings tvOS */ = {
			isa = PBXNativeTarget;
			buildConfigurationList = 6D21BED523CC3F6500526DAF /* Build configuration list for PBXNativeTarget "SwiftWings tvOS" */;
			buildPhases = (
				6D21BEC923CC3F6500526DAF /* Headers */,
				6D21BECB23CC3F6500526DAF /* Sources */,
				6D21BED323CC3F6500526DAF /* Frameworks */,
				6D21BED423CC3F6500526DAF /* Resources */,
			);
			buildRules = (
			);
			dependencies = (
			);
			fileSystemSynchronizedGroups = (
				6D590FFF2F2DFD8D0055927D /* Sources */,
			);
			name = "SwiftWings tvOS";
			productName = SwiftWings;
			productReference = 6D21BED823CC3F6500526DAF /* SwiftWings.framework */;
			productType = "com.apple.product-type.framework";
		};
		6D36849A23BF82A600492195 /* SwiftWings */ = {
			isa = PBXNativeTarget;
			buildConfigurationList = 6D3684A323BF82A600492195 /* Build configuration list for PBXNativeTarget "SwiftWings" */;
			buildPhases = (
				6D36849623BF82A600492195 /* Headers */,
				6D36849723BF82A600492195 /* Sources */,
				6D36849823BF82A600492195 /* Frameworks */,
				6D36849923BF82A600492195 /* Resources */,
			);
			buildRules = (
			);
			dependencies = (
			);
			fileSystemSynchronizedGroups = (
				6D590FFF2F2DFD8D0055927D /* Sources */,
			);
			name = SwiftWings;
			productName = SwiftWings;
			productReference = 6D36849B23BF82A600492195 /* SwiftWings.framework */;
			productType = "com.apple.product-type.framework";
		};
		6D3684AE23BF844000492195 /* SwiftWingsTests */ = {
			isa = PBXNativeTarget;
			buildConfigurationList = 6D3684B723BF844000492195 /* Build configuration list for PBXNativeTarget "SwiftWingsTests" */;
			buildPhases = (
				6D3684AB23BF844000492195 /* Sources */,
				6D3684AC23BF844000492195 /* Frameworks */,
				6D3684AD23BF844000492195 /* Resources */,
			);
			buildRules = (
			);
			dependencies = (
				6D3684B623BF844000492195 /* PBXTargetDependency */,
			);
			fileSystemSynchronizedGroups = (
				6D5910D02F2DFE960055927D /* Tests */,
			);
			name = SwiftWingsTests;
			productName = SwiftWingsTests;
			productReference = 6D3684AF23BF844000492195 /* SwiftWingsTests.xctest */;
			productType = "com.apple.product-type.bundle.unit-test";
		};
/* End PBXNativeTarget section */

/* Begin PBXProject section */
		6D36849223BF82A600492195 /* Project object */ = {
			isa = PBXProject;
			attributes = {
				LastSwiftUpdateCheck = 1130;
				LastUpgradeCheck = 1220;
				ORGANIZATIONNAME = Leacode;
				TargetAttributes = {
					6D36849A23BF82A600492195 = {
						CreatedOnToolsVersion = 11.3;
						LastSwiftMigration = 1130;
					};
					6D3684AE23BF844000492195 = {
						CreatedOnToolsVersion = 11.3;
					};
				};
			};
			buildConfigurationList = 6D36849523BF82A600492195 /* Build configuration list for PBXProject "SwiftWings" */;
			compatibilityVersion = "Xcode 9.3";
			developmentRegion = en;
			hasScannedForEncodings = 0;
			knownRegions = (
				en,
				Base,
			);
			mainGroup = 6D36849123BF82A600492195;
			productRefGroup = 6D36849C23BF82A600492195 /* Products */;
			projectDirPath = "";
			projectRoot = "";
			targets = (
				6D36849A23BF82A600492195 /* SwiftWings */,
				6D21BEB623CC3F2F00526DAF /* SwiftWings watchOS */,
				6D21BEC823CC3F6500526DAF /* SwiftWings tvOS */,
				1FAA86CF257C450200931FB9 /* SwiftWings macOS */,
				6D3684AE23BF844000492195 /* SwiftWingsTests */,
			);
		};
/* End PBXProject section */

/* Begin PBXResourcesBuildPhase section */
		1FAA86ED257C450200931FB9 /* Resources */ = {
			isa = PBXResourcesBuildPhase;
			buildActionMask = 2147483647;
			files = (
			);
			runOnlyForDeploymentPostprocessing = 0;
		};
		6D21BEC223CC3F2F00526DAF /* Resources */ = {
			isa = PBXResourcesBuildPhase;
			buildActionMask = 2147483647;
			files = (
			);
			runOnlyForDeploymentPostprocessing = 0;
		};
		6D21BED423CC3F6500526DAF /* Resources */ = {
			isa = PBXResourcesBuildPhase;
			buildActionMask = 2147483647;
			files = (
			);
			runOnlyForDeploymentPostprocessing = 0;
		};
		6D36849923BF82A600492195 /* Resources */ = {
			isa = PBXResourcesBuildPhase;
			buildActionMask = 2147483647;
			files = (
			);
			runOnlyForDeploymentPostprocessing = 0;
		};
		6D3684AD23BF844000492195 /* Resources */ = {
			isa = PBXResourcesBuildPhase;
			buildActionMask = 2147483647;
			files = (
			);
			runOnlyForDeploymentPostprocessing = 0;
		};
/* End PBXResourcesBuildPhase section */

/* Begin PBXSourcesBuildPhase section */
		1FAA86D2257C450200931FB9 /* Sources */ = {
			isa = PBXSourcesBuildPhase;
			buildActionMask = 2147483647;
			files = (
			);
			runOnlyForDeploymentPostprocessing = 0;
		};
		6D21BEB923CC3F2F00526DAF /* Sources */ = {
			isa = PBXSourcesBuildPhase;
			buildActionMask = 2147483647;
			files = (
			);
			runOnlyForDeploymentPostprocessing = 0;
		};
		6D21BECB23CC3F6500526DAF /* Sources */ = {
			isa = PBXSourcesBuildPhase;
			buildActionMask = 2147483647;
			files = (
			);
			runOnlyForDeploymentPostprocessing = 0;
		};
		6D36849723BF82A600492195 /* Sources */ = {
			isa = PBXSourcesBuildPhase;
			buildActionMask = 2147483647;
			files = (
			);
			runOnlyForDeploymentPostprocessing = 0;
		};
		6D3684AB23BF844000492195 /* Sources */ = {
			isa = PBXSourcesBuildPhase;
			buildActionMask = 2147483647;
			files = (
			);
			runOnlyForDeploymentPostprocessing = 0;
		};
/* End PBXSourcesBuildPhase section */

/* Begin PBXTargetDependency section */
		6D3684B623BF844000492195 /* PBXTargetDependency */ = {
			isa = PBXTargetDependency;
			target = 6D36849A23BF82A600492195 /* SwiftWings */;
			targetProxy = 6D3684B523BF844000492195 /* PBXContainerItemProxy */;
		};
/* End PBXTargetDependency section */

/* Begin XCBuildConfiguration section */
		1FAA86EF257C450200931FB9 /* Debug */ = {
			isa = XCBuildConfiguration;
			buildSettings = {
				APPLICATION_EXTENSION_API_ONLY = YES;
				CLANG_ENABLE_MODULES = YES;
				CODE_SIGN_STYLE = Automatic;
				CURRENT_PROJECT_VERSION = 0;
				DEFINES_MODULE = YES;
				DYLIB_COMPATIBILITY_VERSION = 1;
				DYLIB_CURRENT_VERSION = 1;
				DYLIB_INSTALL_NAME_BASE = "@rpath";
				INFOPLIST_FILE = Sources/Info.plist;
				INSTALL_PATH = "$(LOCAL_LIBRARY_DIR)/Frameworks";
				IPHONEOS_DEPLOYMENT_TARGET = 12.0;
				"IPHONEOS_DEPLOYMENT_TARGET[sdk=macosx*]" = 14.2;
				LD_RUNPATH_SEARCH_PATHS = (
					"$(inherited)",
					"@executable_path/Frameworks",
					"@loader_path/Frameworks",
				);
				MACOSX_DEPLOYMENT_TARGET = 10.11;
				MARKETING_VERSION = 1.7;
				PRODUCT_BUNDLE_IDENTIFIER = dev.leacode.SwiftWings;
				PRODUCT_NAME = "$(TARGET_NAME)";
				SDKROOT = macosx;
				SKIP_INSTALL = YES;
				SUPPORTS_MACCATALYST = YES;
				SUPPORTS_MAC_DESIGNED_FOR_IPHONE_IPAD = YES;
				SWIFT_OPTIMIZATION_LEVEL = "-Onone";
				SWIFT_VERSION = 5.0;
				TARGETED_DEVICE_FAMILY = "1,2,6";
			};
			name = Debug;
		};
		1FAA86F0257C450200931FB9 /* Release */ = {
			isa = XCBuildConfiguration;
			buildSettings = {
				APPLICATION_EXTENSION_API_ONLY = YES;
				CLANG_ENABLE_MODULES = YES;
				CODE_SIGN_STYLE = Automatic;
				CURRENT_PROJECT_VERSION = 0;
				DEFINES_MODULE = YES;
				DYLIB_COMPATIBILITY_VERSION = 1;
				DYLIB_CURRENT_VERSION = 1;
				DYLIB_INSTALL_NAME_BASE = "@rpath";
				INFOPLIST_FILE = Sources/Info.plist;
				INSTALL_PATH = "$(LOCAL_LIBRARY_DIR)/Frameworks";
				IPHONEOS_DEPLOYMENT_TARGET = 12.0;
				"IPHONEOS_DEPLOYMENT_TARGET[sdk=macosx*]" = 14.2;
				LD_RUNPATH_SEARCH_PATHS = (
					"$(inherited)",
					"@executable_path/Frameworks",
					"@loader_path/Frameworks",
				);
				MACOSX_DEPLOYMENT_TARGET = 10.11;
				MARKETING_VERSION = 1.7;
				PRODUCT_BUNDLE_IDENTIFIER = dev.leacode.SwiftWings;
				PRODUCT_NAME = "$(TARGET_NAME)";
				SDKROOT = macosx;
				SKIP_INSTALL = YES;
				SUPPORTS_MACCATALYST = YES;
				SUPPORTS_MAC_DESIGNED_FOR_IPHONE_IPAD = YES;
				SWIFT_VERSION = 5.0;
				TARGETED_DEVICE_FAMILY = "1,2,6";
			};
			name = Release;
		};
		6D21BEC423CC3F2F00526DAF /* Debug */ = {
			isa = XCBuildConfiguration;
			buildSettings = {
				APPLICATION_EXTENSION_API_ONLY = YES;
				CLANG_ENABLE_MODULES = YES;
				CODE_SIGN_STYLE = Automatic;
				CURRENT_PROJECT_VERSION = 0;
				DEFINES_MODULE = YES;
				DYLIB_COMPATIBILITY_VERSION = 1;
				DYLIB_CURRENT_VERSION = 1;
				DYLIB_INSTALL_NAME_BASE = "@rpath";
				INFOPLIST_FILE = Sources/Info.plist;
				INSTALL_PATH = "$(LOCAL_LIBRARY_DIR)/Frameworks";
				IPHONEOS_DEPLOYMENT_TARGET = 12.0;
				LD_RUNPATH_SEARCH_PATHS = (
					"$(inherited)",
					"@executable_path/Frameworks",
					"@loader_path/Frameworks",
				);
				MARKETING_VERSION = 1.7;
				PRODUCT_BUNDLE_IDENTIFIER = dev.leacode.SwiftWings;
				PRODUCT_NAME = SwiftWings;
				SDKROOT = watchos;
				SKIP_INSTALL = YES;
				SWIFT_OPTIMIZATION_LEVEL = "-Onone";
				SWIFT_VERSION = 5.0;
				WATCHOS_DEPLOYMENT_TARGET = 2.0;
			};
			name = Debug;
		};
		6D21BEC523CC3F2F00526DAF /* Release */ = {
			isa = XCBuildConfiguration;
			buildSettings = {
				APPLICATION_EXTENSION_API_ONLY = YES;
				CLANG_ENABLE_MODULES = YES;
				CODE_SIGN_STYLE = Automatic;
				CURRENT_PROJECT_VERSION = 0;
				DEFINES_MODULE = YES;
				DYLIB_COMPATIBILITY_VERSION = 1;
				DYLIB_CURRENT_VERSION = 1;
				DYLIB_INSTALL_NAME_BASE = "@rpath";
				INFOPLIST_FILE = Sources/Info.plist;
				INSTALL_PATH = "$(LOCAL_LIBRARY_DIR)/Frameworks";
				IPHONEOS_DEPLOYMENT_TARGET = 12.0;
				LD_RUNPATH_SEARCH_PATHS = (
					"$(inherited)",
					"@executable_path/Frameworks",
					"@loader_path/Frameworks",
				);
				MARKETING_VERSION = 1.7;
				PRODUCT_BUNDLE_IDENTIFIER = dev.leacode.SwiftWings;
				PRODUCT_NAME = SwiftWings;
				SDKROOT = watchos;
				SKIP_INSTALL = YES;
				SWIFT_VERSION = 5.0;
				WATCHOS_DEPLOYMENT_TARGET = 2.0;
			};
			name = Release;
		};
		6D21BED623CC3F6500526DAF /* Debug */ = {
			isa = XCBuildConfiguration;
			buildSettings = {
				APPLICATION_EXTENSION_API_ONLY = YES;
				CLANG_ENABLE_MODULES = YES;
				CODE_SIGN_STYLE = Automatic;
				CURRENT_PROJECT_VERSION = 0;
				DEFINES_MODULE = YES;
				DYLIB_COMPATIBILITY_VERSION = 1;
				DYLIB_CURRENT_VERSION = 1;
				DYLIB_INSTALL_NAME_BASE = "@rpath";
				INFOPLIST_FILE = Sources/Info.plist;
				INSTALL_PATH = "$(LOCAL_LIBRARY_DIR)/Frameworks";
				IPHONEOS_DEPLOYMENT_TARGET = 12.0;
				LD_RUNPATH_SEARCH_PATHS = (
					"$(inherited)",
					"@executable_path/Frameworks",
					"@loader_path/Frameworks",
				);
				MARKETING_VERSION = 1.7;
				PRODUCT_BUNDLE_IDENTIFIER = dev.leacode.SwiftWings;
				PRODUCT_NAME = SwiftWings;
				SDKROOT = appletvos;
				SKIP_INSTALL = YES;
				SWIFT_OPTIMIZATION_LEVEL = "-Onone";
				SWIFT_VERSION = 5.0;
				TVOS_DEPLOYMENT_TARGET = 9.0;
				WATCHOS_DEPLOYMENT_TARGET = 3.0;
			};
			name = Debug;
		};
		6D21BED723CC3F6500526DAF /* Release */ = {
			isa = XCBuildConfiguration;
			buildSettings = {
				APPLICATION_EXTENSION_API_ONLY = YES;
				CLANG_ENABLE_MODULES = YES;
				CODE_SIGN_STYLE = Automatic;
				CURRENT_PROJECT_VERSION = 0;
				DEFINES_MODULE = YES;
				DYLIB_COMPATIBILITY_VERSION = 1;
				DYLIB_CURRENT_VERSION = 1;
				DYLIB_INSTALL_NAME_BASE = "@rpath";
				INFOPLIST_FILE = Sources/Info.plist;
				INSTALL_PATH = "$(LOCAL_LIBRARY_DIR)/Frameworks";
				IPHONEOS_DEPLOYMENT_TARGET = 12.0;
				LD_RUNPATH_SEARCH_PATHS = (
					"$(inherited)",
					"@executable_path/Frameworks",
					"@loader_path/Frameworks",
				);
				MARKETING_VERSION = 1.7;
				PRODUCT_BUNDLE_IDENTIFIER = dev.leacode.SwiftWings;
				PRODUCT_NAME = SwiftWings;
				SDKROOT = appletvos;
				SKIP_INSTALL = YES;
				SWIFT_VERSION = 5.0;
				TVOS_DEPLOYMENT_TARGET = 9.0;
				WATCHOS_DEPLOYMENT_TARGET = 3.0;
			};
			name = Release;
		};
		6D3684A123BF82A600492195 /* Debug */ = {
			isa = XCBuildConfiguration;
			buildSettings = {
				ALWAYS_SEARCH_USER_PATHS = NO;
				CLANG_ANALYZER_NONNULL = YES;
				CLANG_ANALYZER_NUMBER_OBJECT_CONVERSION = YES_AGGRESSIVE;
				CLANG_CXX_LANGUAGE_STANDARD = "gnu++14";
				CLANG_CXX_LIBRARY = "libc++";
				CLANG_ENABLE_MODULES = YES;
				CLANG_ENABLE_OBJC_ARC = YES;
				CLANG_ENABLE_OBJC_WEAK = YES;
				CLANG_WARN_BLOCK_CAPTURE_AUTORELEASING = YES;
				CLANG_WARN_BOOL_CONVERSION = YES;
				CLANG_WARN_COMMA = YES;
				CLANG_WARN_CONSTANT_CONVERSION = YES;
				CLANG_WARN_DEPRECATED_OBJC_IMPLEMENTATIONS = YES;
				CLANG_WARN_DIRECT_OBJC_ISA_USAGE = YES_ERROR;
				CLANG_WARN_DOCUMENTATION_COMMENTS = YES;
				CLANG_WARN_EMPTY_BODY = YES;
				CLANG_WARN_ENUM_CONVERSION = YES;
				CLANG_WARN_INFINITE_RECURSION = YES;
				CLANG_WARN_INT_CONVERSION = YES;
				CLANG_WARN_NON_LITERAL_NULL_CONVERSION = YES;
				CLANG_WARN_OBJC_IMPLICIT_RETAIN_SELF = YES;
				CLANG_WARN_OBJC_LITERAL_CONVERSION = YES;
				CLANG_WARN_OBJC_ROOT_CLASS = YES_ERROR;
				CLANG_WARN_QUOTED_INCLUDE_IN_FRAMEWORK_HEADER = YES;
				CLANG_WARN_RANGE_LOOP_ANALYSIS = YES;
				CLANG_WARN_STRICT_PROTOTYPES = YES;
				CLANG_WARN_SUSPICIOUS_MOVE = YES;
				CLANG_WARN_UNGUARDED_AVAILABILITY = YES_AGGRESSIVE;
				CLANG_WARN_UNREACHABLE_CODE = YES;
				CLANG_WARN__DUPLICATE_METHOD_MATCH = YES;
				COPY_PHASE_STRIP = NO;
				CURRENT_PROJECT_VERSION = 1;
				DEBUG_INFORMATION_FORMAT = dwarf;
				ENABLE_STRICT_OBJC_MSGSEND = YES;
				ENABLE_TESTABILITY = YES;
				GCC_C_LANGUAGE_STANDARD = gnu11;
				GCC_DYNAMIC_NO_PIC = NO;
				GCC_NO_COMMON_BLOCKS = YES;
				GCC_OPTIMIZATION_LEVEL = 0;
				GCC_PREPROCESSOR_DEFINITIONS = (
					"DEBUG=1",
					"$(inherited)",
				);
				GCC_WARN_64_TO_32_BIT_CONVERSION = YES;
				GCC_WARN_ABOUT_RETURN_TYPE = YES_ERROR;
				GCC_WARN_UNDECLARED_SELECTOR = YES;
				GCC_WARN_UNINITIALIZED_AUTOS = YES_AGGRESSIVE;
				GCC_WARN_UNUSED_FUNCTION = YES;
				GCC_WARN_UNUSED_VARIABLE = YES;
				IPHONEOS_DEPLOYMENT_TARGET = 12.0;
				MTL_ENABLE_DEBUG_INFO = INCLUDE_SOURCE;
				MTL_FAST_MATH = YES;
				ONLY_ACTIVE_ARCH = YES;
				SDKROOT = iphoneos;
				SWIFT_ACTIVE_COMPILATION_CONDITIONS = DEBUG;
				SWIFT_OPTIMIZATION_LEVEL = "-Onone";
				VERSIONING_SYSTEM = "apple-generic";
				VERSION_INFO_PREFIX = "";
			};
			name = Debug;
		};
		6D3684A223BF82A600492195 /* Release */ = {
			isa = XCBuildConfiguration;
			buildSettings = {
				ALWAYS_SEARCH_USER_PATHS = NO;
				CLANG_ANALYZER_NONNULL = YES;
				CLANG_ANALYZER_NUMBER_OBJECT_CONVERSION = YES_AGGRESSIVE;
				CLANG_CXX_LANGUAGE_STANDARD = "gnu++14";
				CLANG_CXX_LIBRARY = "libc++";
				CLANG_ENABLE_MODULES = YES;
				CLANG_ENABLE_OBJC_ARC = YES;
				CLANG_ENABLE_OBJC_WEAK = YES;
				CLANG_WARN_BLOCK_CAPTURE_AUTORELEASING = YES;
				CLANG_WARN_BOOL_CONVERSION = YES;
				CLANG_WARN_COMMA = YES;
				CLANG_WARN_CONSTANT_CONVERSION = YES;
				CLANG_WARN_DEPRECATED_OBJC_IMPLEMENTATIONS = YES;
				CLANG_WARN_DIRECT_OBJC_ISA_USAGE = YES_ERROR;
				CLANG_WARN_DOCUMENTATION_COMMENTS = YES;
				CLANG_WARN_EMPTY_BODY = YES;
				CLANG_WARN_ENUM_CONVERSION = YES;
				CLANG_WARN_INFINITE_RECURSION = YES;
				CLANG_WARN_INT_CONVERSION = YES;
				CLANG_WARN_NON_LITERAL_NULL_CONVERSION = YES;
				CLANG_WARN_OBJC_IMPLICIT_RETAIN_SELF = YES;
				CLANG_WARN_OBJC_LITERAL_CONVERSION = YES;
				CLANG_WARN_OBJC_ROOT_CLASS = YES_ERROR;
				CLANG_WARN_QUOTED_INCLUDE_IN_FRAMEWORK_HEADER = YES;
				CLANG_WARN_RANGE_LOOP_ANALYSIS = YES;
				CLANG_WARN_STRICT_PROTOTYPES = YES;
				CLANG_WARN_SUSPICIOUS_MOVE = YES;
				CLANG_WARN_UNGUARDED_AVAILABILITY = YES_AGGRESSIVE;
				CLANG_WARN_UNREACHABLE_CODE = YES;
				CLANG_WARN__DUPLICATE_METHOD_MATCH = YES;
				COPY_PHASE_STRIP = NO;
				CURRENT_PROJECT_VERSION = 1;
				DEBUG_INFORMATION_FORMAT = "dwarf-with-dsym";
				ENABLE_NS_ASSERTIONS = NO;
				ENABLE_STRICT_OBJC_MSGSEND = YES;
				GCC_C_LANGUAGE_STANDARD = gnu11;
				GCC_NO_COMMON_BLOCKS = YES;
				GCC_WARN_64_TO_32_BIT_CONVERSION = YES;
				GCC_WARN_ABOUT_RETURN_TYPE = YES_ERROR;
				GCC_WARN_UNDECLARED_SELECTOR = YES;
				GCC_WARN_UNINITIALIZED_AUTOS = YES_AGGRESSIVE;
				GCC_WARN_UNUSED_FUNCTION = YES;
				GCC_WARN_UNUSED_VARIABLE = YES;
				IPHONEOS_DEPLOYMENT_TARGET = 12.0;
				MTL_ENABLE_DEBUG_INFO = NO;
				MTL_FAST_MATH = YES;
				SDKROOT = iphoneos;
				SWIFT_COMPILATION_MODE = wholemodule;
				SWIFT_OPTIMIZATION_LEVEL = "-O";
				VALIDATE_PRODUCT = YES;
				VERSIONING_SYSTEM = "apple-generic";
				VERSION_INFO_PREFIX = "";
			};
			name = Release;
		};
		6D3684A423BF82A600492195 /* Debug */ = {
			isa = XCBuildConfiguration;
			buildSettings = {
				APPLICATION_EXTENSION_API_ONLY = YES;
				CLANG_ENABLE_MODULES = YES;
				CODE_SIGN_STYLE = Automatic;
				CURRENT_PROJECT_VERSION = 0;
				DEFINES_MODULE = YES;
				DYLIB_COMPATIBILITY_VERSION = 1;
				DYLIB_CURRENT_VERSION = 1;
				DYLIB_INSTALL_NAME_BASE = "@rpath";
				INFOPLIST_FILE = Sources/Info.plist;
				INSTALL_PATH = "$(LOCAL_LIBRARY_DIR)/Frameworks";
				IPHONEOS_DEPLOYMENT_TARGET = 12.0;
				"IPHONEOS_DEPLOYMENT_TARGET[sdk=macosx*]" = 14.2;
				LD_RUNPATH_SEARCH_PATHS = (
					"$(inherited)",
					"@executable_path/Frameworks",
					"@loader_path/Frameworks",
				);
				MARKETING_VERSION = 1.7;
				PRODUCT_BUNDLE_IDENTIFIER = dev.leacode.SwiftWings;
				PRODUCT_NAME = "$(TARGET_NAME:c99extidentifier)";
				SKIP_INSTALL = YES;
				SUPPORTS_MACCATALYST = YES;
				SUPPORTS_MAC_DESIGNED_FOR_IPHONE_IPAD = YES;
				SWIFT_OPTIMIZATION_LEVEL = "-Onone";
				SWIFT_VERSION = 5.0;
				TARGETED_DEVICE_FAMILY = "1,2,6";
			};
			name = Debug;
		};
		6D3684A523BF82A600492195 /* Release */ = {
			isa = XCBuildConfiguration;
			buildSettings = {
				APPLICATION_EXTENSION_API_ONLY = YES;
				CLANG_ENABLE_MODULES = YES;
				CODE_SIGN_STYLE = Automatic;
				CURRENT_PROJECT_VERSION = 0;
				DEFINES_MODULE = YES;
				DYLIB_COMPATIBILITY_VERSION = 1;
				DYLIB_CURRENT_VERSION = 1;
				DYLIB_INSTALL_NAME_BASE = "@rpath";
				INFOPLIST_FILE = Sources/Info.plist;
				INSTALL_PATH = "$(LOCAL_LIBRARY_DIR)/Frameworks";
				IPHONEOS_DEPLOYMENT_TARGET = 12.0;
				"IPHONEOS_DEPLOYMENT_TARGET[sdk=macosx*]" = 14.2;
				LD_RUNPATH_SEARCH_PATHS = (
					"$(inherited)",
					"@executable_path/Frameworks",
					"@loader_path/Frameworks",
				);
				MARKETING_VERSION = 1.7;
				PRODUCT_BUNDLE_IDENTIFIER = dev.leacode.SwiftWings;
				PRODUCT_NAME = "$(TARGET_NAME:c99extidentifier)";
				SKIP_INSTALL = YES;
				SUPPORTS_MACCATALYST = YES;
				SUPPORTS_MAC_DESIGNED_FOR_IPHONE_IPAD = YES;
				SWIFT_VERSION = 5.0;
				TARGETED_DEVICE_FAMILY = "1,2,6";
			};
			name = Release;
		};
		6D3684B823BF844000492195 /* Debug */ = {
			isa = XCBuildConfiguration;
			buildSettings = {
				"CODE_SIGN_IDENTITY[sdk=macosx*]" = "Apple Development";
				CODE_SIGN_STYLE = Automatic;
				DEVELOPMENT_TEAM = Y85J467HQH;
				INFOPLIST_FILE = Tests/Info.plist;
				LD_RUNPATH_SEARCH_PATHS = (
					"$(inherited)",
					"@executable_path/Frameworks",
					"@loader_path/Frameworks",
				);
				PRODUCT_BUNDLE_IDENTIFIER = dev.leacode.SwiftWingsTests;
				PRODUCT_NAME = "$(TARGET_NAME)";
				SDKROOT = iphoneos;
				SWIFT_VERSION = 5.0;
			};
			name = Debug;
		};
		6D3684B923BF844000492195 /* Release */ = {
			isa = XCBuildConfiguration;
			buildSettings = {
				"CODE_SIGN_IDENTITY[sdk=macosx*]" = "Apple Development";
				CODE_SIGN_STYLE = Automatic;
				DEVELOPMENT_TEAM = Y85J467HQH;
				INFOPLIST_FILE = Tests/Info.plist;
				LD_RUNPATH_SEARCH_PATHS = (
					"$(inherited)",
					"@executable_path/Frameworks",
					"@loader_path/Frameworks",
				);
				PRODUCT_BUNDLE_IDENTIFIER = dev.leacode.SwiftWingsTests;
				PRODUCT_NAME = "$(TARGET_NAME)";
				SDKROOT = iphoneos;
				SWIFT_VERSION = 5.0;
			};
			name = Release;
		};
/* End XCBuildConfiguration section */

/* Begin XCConfigurationList section */
		1FAA86EE257C450200931FB9 /* Build configuration list for PBXNativeTarget "SwiftWings macOS" */ = {
			isa = XCConfigurationList;
			buildConfigurations = (
				1FAA86EF257C450200931FB9 /* Debug */,
				1FAA86F0257C450200931FB9 /* Release */,
			);
			defaultConfigurationIsVisible = 0;
			defaultConfigurationName = Release;
		};
		6D21BEC323CC3F2F00526DAF /* Build configuration list for PBXNativeTarget "SwiftWings watchOS" */ = {
			isa = XCConfigurationList;
			buildConfigurations = (
				6D21BEC423CC3F2F00526DAF /* Debug */,
				6D21BEC523CC3F2F00526DAF /* Release */,
			);
			defaultConfigurationIsVisible = 0;
			defaultConfigurationName = Release;
		};
		6D21BED523CC3F6500526DAF /* Build configuration list for PBXNativeTarget "SwiftWings tvOS" */ = {
			isa = XCConfigurationList;
			buildConfigurations = (
				6D21BED623CC3F6500526DAF /* Debug */,
				6D21BED723CC3F6500526DAF /* Release */,
			);
			defaultConfigurationIsVisible = 0;
			defaultConfigurationName = Release;
		};
		6D36849523BF82A600492195 /* Build configuration list for PBXProject "SwiftWings" */ = {
			isa = XCConfigurationList;
			buildConfigurations = (
				6D3684A123BF82A600492195 /* Debug */,
				6D3684A223BF82A600492195 /* Release */,
			);
			defaultConfigurationIsVisible = 0;
			defaultConfigurationName = Release;
		};
		6D3684A323BF82A600492195 /* Build configuration list for PBXNativeTarget "SwiftWings" */ = {
			isa = XCConfigurationList;
			buildConfigurations = (
				6D3684A423BF82A600492195 /* Debug */,
				6D3684A523BF82A600492195 /* Release */,
			);
			defaultConfigurationIsVisible = 0;
			defaultConfigurationName = Release;
		};
		6D3684B723BF844000492195 /* Build configuration list for PBXNativeTarget "SwiftWingsTests" */ = {
			isa = XCConfigurationList;
			buildConfigurations = (
				6D3684B823BF844000492195 /* Debug */,
				6D3684B923BF844000492195 /* Release */,
			);
			defaultConfigurationIsVisible = 0;
			defaultConfigurationName = Release;
		};
/* End XCConfigurationList section */
	};
	rootObject = 6D36849223BF82A600492195 /* Project object */;
}
