// !$*UTF8*$!
{
	archiveVersion = 1;
	classes = {
	};
	objectVersion = 50;
	objects = {

/* Begin PBXBuildFile section */
		6D3684A023BF82A600492195 /* SwiftWings.h in Headers */ = {isa = PBXBuildFile; fileRef = 6D36849E23BF82A600492195 /* SwiftWings.h */; settings = {ATTRIBUTES = (Public, ); }; };
		6D3684AA23BF834B00492195 /* NSObject+Name.swift in Sources */ = {isa = PBXBuildFile; fileRef = 6D3684A923BF834B00492195 /* NSObject+Name.swift */; };
		6D3684B423BF844000492195 /* SwiftWings.framework in Frameworks */ = {isa = PBXBuildFile; fileRef = 6D36849B23BF82A600492195 /* SwiftWings.framework */; };
		6D3684BC23BF849900492195 /* NSObject+NameTests.swift in Sources */ = {isa = PBXBuildFile; fileRef = 6D3684BB23BF849900492195 /* NSObject+NameTests.swift */; };
/* End PBXBuildFile section */

/* Begin PBXContainerItemProxy section */
		6D3684B523BF844000492195 /* PBXContainerItemProxy */ = {
			isa = PBXContainerItemProxy;
			containerPortal = 6D36849223BF82A600492195 /* Project object */;
			proxyType = 1;
			remoteGlobalIDString = 6D36849A23BF82A600492195;
			remoteInfo = SwiftWings;
		};
/* End PBXContainerItemProxy section */

/* Begin PBXFileReference section */
		6D36849B23BF82A600492195 /* SwiftWings.framework */ = {isa = PBXFileReference; explicitFileType = wrapper.framework; includeInIndex = 0; path = SwiftWings.framework; sourceTree = BUILT_PRODUCTS_DIR; };
		6D36849E23BF82A600492195 /* SwiftWings.h */ = {isa = PBXFileReference; lastKnownFileType = sourcecode.c.h; path = SwiftWings.h; sourceTree = "<group>"; };
		6D36849F23BF82A600492195 /* Info.plist */ = {isa = PBXFileReference; lastKnownFileType = text.plist.xml; path = Info.plist; sourceTree = "<group>"; };
		6D3684A923BF834B00492195 /* NSObject+Name.swift */ = {isa = PBXFileReference; lastKnownFileType = sourcecode.swift; path = "NSObject+Name.swift"; sourceTree = "<group>"; };
		6D3684AF23BF844000492195 /* SwiftWingsTests.xctest */ = {isa = PBXFileReference; explicitFileType = wrapper.cfbundle; includeInIndex = 0; path = SwiftWingsTests.xctest; sourceTree = BUILT_PRODUCTS_DIR; };
		6D3684B323BF844000492195 /* Info.plist */ = {isa = PBXFileReference; lastKnownFileType = text.plist.xml; path = Info.plist; sourceTree = "<group>"; };
		6D3684BB23BF849900492195 /* NSObject+NameTests.swift */ = {isa = PBXFileReference; lastKnownFileType = sourcecode.swift; path = "NSObject+NameTests.swift"; sourceTree = "<group>"; };
/* End PBXFileReference section */

/* Begin PBXFrameworksBuildPhase section */
		6D36849823BF82A600492195 /* Frameworks */ = {
			isa = PBXFrameworksBuildPhase;
			buildActionMask = 2147483647;
			files = (
			);
			runOnlyForDeploymentPostprocessing = 0;
		};
		6D3684AC23BF844000492195 /* Frameworks */ = {
			isa = PBXFrameworksBuildPhase;
			buildActionMask = 2147483647;
			files = (
				6D3684B423BF844000492195 /* SwiftWings.framework in Frameworks */,
			);
			runOnlyForDeploymentPostprocessing = 0;
		};
/* End PBXFrameworksBuildPhase section */

/* Begin PBXGroup section */
		6D36849123BF82A600492195 = {
			isa = PBXGroup;
			children = (
				6D36849D23BF82A600492195 /* SwiftWings */,
				6D3684B023BF844000492195 /* SwiftWingsTests */,
				6D36849C23BF82A600492195 /* Products */,
			);
			sourceTree = "<group>";
		};
		6D36849C23BF82A600492195 /* Products */ = {
			isa = PBXGroup;
			children = (
				6D36849B23BF82A600492195 /* SwiftWings.framework */,
				6D3684AF23BF844000492195 /* SwiftWingsTests.xctest */,
			);
			name = Products;
			sourceTree = "<group>";
		};
		6D36849D23BF82A600492195 /* SwiftWings */ = {
			isa = PBXGroup;
			children = (
				6D3684A723BF830900492195 /* Extensions */,
				6D36849E23BF82A600492195 /* SwiftWings.h */,
				6D36849F23BF82A600492195 /* Info.plist */,
			);
			path = SwiftWings;
			sourceTree = "<group>";
		};
		6D3684A723BF830900492195 /* Extensions */ = {
			isa = PBXGroup;
			children = (
				6D3684A823BF831800492195 /* Foundation */,
			);
			path = Extensions;
			sourceTree = "<group>";
		};
		6D3684A823BF831800492195 /* Foundation */ = {
			isa = PBXGroup;
			children = (
				6D3684A923BF834B00492195 /* NSObject+Name.swift */,
			);
			path = Foundation;
			sourceTree = "<group>";
		};
		6D3684B023BF844000492195 /* SwiftWingsTests */ = {
			isa = PBXGroup;
			children = (
				6D3684BA23BF847D00492195 /* Extensions */,
				6D3684B323BF844000492195 /* Info.plist */,
			);
			path = SwiftWingsTests;
			sourceTree = "<group>";
		};
		6D3684BA23BF847D00492195 /* Extensions */ = {
			isa = PBXGroup;
			children = (
				6D3684BB23BF849900492195 /* NSObject+NameTests.swift */,
			);
			path = Extensions;
			sourceTree = "<group>";
		};
/* End PBXGroup section */

/* Begin PBXHeadersBuildPhase section */
		6D36849623BF82A600492195 /* Headers */ = {
			isa = PBXHeadersBuildPhase;
			buildActionMask = 2147483647;
			files = (
				6D3684A023BF82A600492195 /* SwiftWings.h in Headers */,
			);
			runOnlyForDeploymentPostprocessing = 0;
		};
/* End PBXHeadersBuildPhase section */

/* Begin PBXNativeTarget section */
		6D36849A23BF82A600492195 /* SwiftWings */ = {
			isa = PBXNativeTarget;
			buildConfigurationList = 6D3684A323BF82A600492195 /* Build configuration list for PBXNativeTarget "SwiftWings" */;
			buildPhases = (
				6D36849623BF82A600492195 /* Headers */,
				6D36849723BF82A600492195 /* Sources */,
				6D36849823BF82A600492195 /* Frameworks */,
				6D36849923BF82A600492195 /* Resources */,
			);
			buildRules = (
			);
			dependencies = (
			);
			name = SwiftWings;
			productName = SwiftWings;
			productReference = 6D36849B23BF82A600492195 /* SwiftWings.framework */;
			productType = "com.apple.product-type.framework";
		};
		6D3684AE23BF844000492195 /* SwiftWingsTests */ = {
			isa = PBXNativeTarget;
			buildConfigurationList = 6D3684B723BF844000492195 /* Build configuration list for PBXNativeTarget "SwiftWingsTests" */;
			buildPhases = (
				6D3684AB23BF844000492195 /* Sources */,
				6D3684AC23BF844000492195 /* Frameworks */,
				6D3684AD23BF844000492195 /* Resources */,
			);
			buildRules = (
			);
			dependencies = (
				6D3684B623BF844000492195 /* PBXTargetDependency */,
			);
			name = SwiftWingsTests;
			productName = SwiftWingsTests;
			productReference = 6D3684AF23BF844000492195 /* SwiftWingsTests.xctest */;
			productType = "com.apple.product-type.bundle.unit-test";
		};
/* End PBXNativeTarget section */

/* Begin PBXProject section */
		6D36849223BF82A600492195 /* Project object */ = {
			isa = PBXProject;
			attributes = {
				LastSwiftUpdateCheck = 1130;
				LastUpgradeCheck = 1130;
				ORGANIZATIONNAME = Leacode;
				TargetAttributes = {
					6D36849A23BF82A600492195 = {
						CreatedOnToolsVersion = 11.3;
						LastSwiftMigration = 1130;
					};
					6D3684AE23BF844000492195 = {
						CreatedOnToolsVersion = 11.3;
					};
				};
			};
			buildConfigurationList = 6D36849523BF82A600492195 /* Build configuration list for PBXProject "SwiftWings" */;
			compatibilityVersion = "Xcode 9.3";
			developmentRegion = en;
			hasScannedForEncodings = 0;
			knownRegions = (
				en,
				Base,
			);
			mainGroup = 6D36849123BF82A600492195;
			productRefGroup = 6D36849C23BF82A600492195 /* Products */;
			projectDirPath = "";
			projectRoot = "";
			targets = (
				6D36849A23BF82A600492195 /* SwiftWings */,
				6D3684AE23BF844000492195 /* SwiftWingsTests */,
			);
		};
/* End PBXProject section */

/* Begin PBXResourcesBuildPhase section */
		6D36849923BF82A600492195 /* Resources */ = {
			isa = PBXResourcesBuildPhase;
			buildActionMask = 2147483647;
			files = (
			);
			runOnlyForDeploymentPostprocessing = 0;
		};
		6D3684AD23BF844000492195 /* Resources */ = {
			isa = PBXResourcesBuildPhase;
			buildActionMask = 2147483647;
			files = (
			);
			runOnlyForDeploymentPostprocessing = 0;
		};
/* End PBXResourcesBuildPhase section */

/* Begin PBXSourcesBuildPhase section */
		6D36849723BF82A600492195 /* Sources */ = {
			isa = PBXSourcesBuildPhase;
			buildActionMask = 2147483647;
			files = (
				6D3684AA23BF834B00492195 /* NSObject+Name.swift in Sources */,
			);
			runOnlyForDeploymentPostprocessing = 0;
		};
		6D3684AB23BF844000492195 /* Sources */ = {
			isa = PBXSourcesBuildPhase;
			buildActionMask = 2147483647;
			files = (
				6D3684BC23BF849900492195 /* NSObject+NameTests.swift in Sources */,
			);
			runOnlyForDeploymentPostprocessing = 0;
		};
/* End PBXSourcesBuildPhase section */

/* Begin PBXTargetDependency section */
		6D3684B623BF844000492195 /* PBXTargetDependency */ = {
			isa = PBXTargetDependency;
			target = 6D36849A23BF82A600492195 /* SwiftWings */;
			targetProxy = 6D3684B523BF844000492195 /* PBXContainerItemProxy */;
		};
/* End PBXTargetDependency section */

/* Begin XCBuildConfiguration section */
		6D3684A123BF82A600492195 /* Debug */ = {
			isa = XCBuildConfiguration;
			buildSettings = {
				ALWAYS_SEARCH_USER_PATHS = NO;
				CLANG_ANALYZER_NONNULL = YES;
				CLANG_ANALYZER_NUMBER_OBJECT_CONVERSION = YES_AGGRESSIVE;
				CLANG_CXX_LANGUAGE_STANDARD = "gnu++14";
				CLANG_CXX_LIBRARY = "libc++";
				CLANG_ENABLE_MODULES = YES;
				CLANG_ENABLE_OBJC_ARC = YES;
				CLANG_ENABLE_OBJC_WEAK = YES;
				CLANG_WARN_BLOCK_CAPTURE_AUTORELEASING = YES;
				CLANG_WARN_BOOL_CONVERSION = YES;
				CLANG_WARN_COMMA = YES;
				CLANG_WARN_CONSTANT_CONVERSION = YES;
				CLANG_WARN_DEPRECATED_OBJC_IMPLEMENTATIONS = YES;
				CLANG_WARN_DIRECT_OBJC_ISA_USAGE = YES_ERROR;
				CLANG_WARN_DOCUMENTATION_COMMENTS = YES;
				CLANG_WARN_EMPTY_BODY = YES;
				CLANG_WARN_ENUM_CONVERSION = YES;
				CLANG_WARN_INFINITE_RECURSION = YES;
				CLANG_WARN_INT_CONVERSION = YES;
				CLANG_WARN_NON_LITERAL_NULL_CONVERSION = YES;
				CLANG_WARN_OBJC_IMPLICIT_RETAIN_SELF = YES;
				CLANG_WARN_OBJC_LITERAL_CONVERSION = YES;
				CLANG_WARN_OBJC_ROOT_CLASS = YES_ERROR;
				CLANG_WARN_RANGE_LOOP_ANALYSIS = YES;
				CLANG_WARN_STRICT_PROTOTYPES = YES;
				CLANG_WARN_SUSPICIOUS_MOVE = YES;
				CLANG_WARN_UNGUARDED_AVAILABILITY = YES_AGGRESSIVE;
				CLANG_WARN_UNREACHABLE_CODE = YES;
				CLANG_WARN__DUPLICATE_METHOD_MATCH = YES;
				COPY_PHASE_STRIP = NO;
				CURRENT_PROJECT_VERSION = 1;
				DEBUG_INFORMATION_FORMAT = dwarf;
				ENABLE_STRICT_OBJC_MSGSEND = YES;
				ENABLE_TESTABILITY = YES;
				GCC_C_LANGUAGE_STANDARD = gnu11;
				GCC_DYNAMIC_NO_PIC = NO;
				GCC_NO_COMMON_BLOCKS = YES;
				GCC_OPTIMIZATION_LEVEL = 0;
				GCC_PREPROCESSOR_DEFINITIONS = (
					"DEBUG=1",
					"$(inherited)",
				);
				GCC_WARN_64_TO_32_BIT_CONVERSION = YES;
				GCC_WARN_ABOUT_RETURN_TYPE = YES_ERROR;
				GCC_WARN_UNDECLARED_SELECTOR = YES;
				GCC_WARN_UNINITIALIZED_AUTOS = YES_AGGRESSIVE;
				GCC_WARN_UNUSED_FUNCTION = YES;
				GCC_WARN_UNUSED_VARIABLE = YES;
				IPHONEOS_DEPLOYMENT_TARGET = 13.2;
				MTL_ENABLE_DEBUG_INFO = INCLUDE_SOURCE;
				MTL_FAST_MATH = YES;
				ONLY_ACTIVE_ARCH = YES;
				SDKROOT = iphoneos;
				SWIFT_ACTIVE_COMPILATION_CONDITIONS = DEBUG;
				SWIFT_OPTIMIZATION_LEVEL = "-Onone";
				VERSIONING_SYSTEM = "apple-generic";
				VERSION_INFO_PREFIX = "";
			};
			name = Debug;
		};
		6D3684A223BF82A600492195 /* Release */ = {
			isa = XCBuildConfiguration;
			buildSettings = {
				ALWAYS_SEARCH_USER_PATHS = NO;
				CLANG_ANALYZER_NONNULL = YES;
				CLANG_ANALYZER_NUMBER_OBJECT_CONVERSION = YES_AGGRESSIVE;
				CLANG_CXX_LANGUAGE_STANDARD = "gnu++14";
				CLANG_CXX_LIBRARY = "libc++";
				CLANG_ENABLE_MODULES = YES;
				CLANG_ENABLE_OBJC_ARC = YES;
				CLANG_ENABLE_OBJC_WEAK = YES;
				CLANG_WARN_BLOCK_CAPTURE_AUTORELEASING = YES;
				CLANG_WARN_BOOL_CONVERSION = YES;
				CLANG_WARN_COMMA = YES;
				CLANG_WARN_CONSTANT_CONVERSION = YES;
				CLANG_WARN_DEPRECATED_OBJC_IMPLEMENTATIONS = YES;
				CLANG_WARN_DIRECT_OBJC_ISA_USAGE = YES_ERROR;
				CLANG_WARN_DOCUMENTATION_COMMENTS = YES;
				CLANG_WARN_EMPTY_BODY = YES;
				CLANG_WARN_ENUM_CONVERSION = YES;
				CLANG_WARN_INFINITE_RECURSION = YES;
				CLANG_WARN_INT_CONVERSION = YES;
				CLANG_WARN_NON_LITERAL_NULL_CONVERSION = YES;
				CLANG_WARN_OBJC_IMPLICIT_RETAIN_SELF = YES;
				CLANG_WARN_OBJC_LITERAL_CONVERSION = YES;
				CLANG_WARN_OBJC_ROOT_CLASS = YES_ERROR;
				CLANG_WARN_RANGE_LOOP_ANALYSIS = YES;
				CLANG_WARN_STRICT_PROTOTYPES = YES;
				CLANG_WARN_SUSPICIOUS_MOVE = YES;
				CLANG_WARN_UNGUARDED_AVAILABILITY = YES_AGGRESSIVE;
				CLANG_WARN_UNREACHABLE_CODE = YES;
				CLANG_WARN__DUPLICATE_METHOD_MATCH = YES;
				COPY_PHASE_STRIP = NO;
				CURRENT_PROJECT_VERSION = 1;
				DEBUG_INFORMATION_FORMAT = "dwarf-with-dsym";
				ENABLE_NS_ASSERTIONS = NO;
				ENABLE_STRICT_OBJC_MSGSEND = YES;
				GCC_C_LANGUAGE_STANDARD = gnu11;
				GCC_NO_COMMON_BLOCKS = YES;
				GCC_WARN_64_TO_32_BIT_CONVERSION = YES;
				GCC_WARN_ABOUT_RETURN_TYPE = YES_ERROR;
				GCC_WARN_UNDECLARED_SELECTOR = YES;
				GCC_WARN_UNINITIALIZED_AUTOS = YES_AGGRESSIVE;
				GCC_WARN_UNUSED_FUNCTION = YES;
				GCC_WARN_UNUSED_VARIABLE = YES;
				IPHONEOS_DEPLOYMENT_TARGET = 13.2;
				MTL_ENABLE_DEBUG_INFO = NO;
				MTL_FAST_MATH = YES;
				SDKROOT = iphoneos;
				SWIFT_COMPILATION_MODE = wholemodule;
				SWIFT_OPTIMIZATION_LEVEL = "-O";
				VALIDATE_PRODUCT = YES;
				VERSIONING_SYSTEM = "apple-generic";
				VERSION_INFO_PREFIX = "";
			};
			name = Release;
		};
		6D3684A423BF82A600492195 /* Debug */ = {
			isa = XCBuildConfiguration;
			buildSettings = {
				APPLICATION_EXTENSION_API_ONLY = NO;
				CLANG_ENABLE_MODULES = YES;
				CODE_SIGN_STYLE = Automatic;
				DEFINES_MODULE = YES;
				DYLIB_COMPATIBILITY_VERSION = 1;
				DYLIB_CURRENT_VERSION = 1;
				DYLIB_INSTALL_NAME_BASE = "@rpath";
				INFOPLIST_FILE = SwiftWings/Info.plist;
				INSTALL_PATH = "$(LOCAL_LIBRARY_DIR)/Frameworks";
				IPHONEOS_DEPLOYMENT_TARGET = 8.0;
				LD_RUNPATH_SEARCH_PATHS = (
					"$(inherited)",
					"@executable_path/Frameworks",
					"@loader_path/Frameworks",
				);
				PRODUCT_BUNDLE_IDENTIFIER = dev.leacode.SwiftWings;
				PRODUCT_NAME = "$(TARGET_NAME:c99extidentifier)";
				SKIP_INSTALL = YES;
				SWIFT_OPTIMIZATION_LEVEL = "-Onone";
				SWIFT_VERSION = 5.0;
				TARGETED_DEVICE_FAMILY = "1,2";
			};
			name = Debug;
		};
		6D3684A523BF82A600492195 /* Release */ = {
			isa = XCBuildConfiguration;
			buildSettings = {
				APPLICATION_EXTENSION_API_ONLY = NO;
				CLANG_ENABLE_MODULES = YES;
				CODE_SIGN_STYLE = Automatic;
				DEFINES_MODULE = YES;
				DYLIB_COMPATIBILITY_VERSION = 1;
				DYLIB_CURRENT_VERSION = 1;
				DYLIB_INSTALL_NAME_BASE = "@rpath";
				INFOPLIST_FILE = SwiftWings/Info.plist;
				INSTALL_PATH = "$(LOCAL_LIBRARY_DIR)/Frameworks";
				IPHONEOS_DEPLOYMENT_TARGET = 8.0;
				LD_RUNPATH_SEARCH_PATHS = (
					"$(inherited)",
					"@executable_path/Frameworks",
					"@loader_path/Frameworks",
				);
				PRODUCT_BUNDLE_IDENTIFIER = dev.leacode.SwiftWings;
				PRODUCT_NAME = "$(TARGET_NAME:c99extidentifier)";
				SKIP_INSTALL = YES;
				SWIFT_VERSION = 5.0;
				TARGETED_DEVICE_FAMILY = "1,2";
			};
			name = Release;
		};
		6D3684B823BF844000492195 /* Debug */ = {
			isa = XCBuildConfiguration;
			buildSettings = {
				CODE_SIGN_STYLE = Automatic;
				INFOPLIST_FILE = SwiftWingsTests/Info.plist;
				LD_RUNPATH_SEARCH_PATHS = (
					"$(inherited)",
					"@executable_path/Frameworks",
					"@loader_path/Frameworks",
				);
				PRODUCT_BUNDLE_IDENTIFIER = dev.leacode.SwiftWingsTests;
				PRODUCT_NAME = "$(TARGET_NAME)";
				SWIFT_VERSION = 5.0;
				TARGETED_DEVICE_FAMILY = "1,2";
			};
			name = Debug;
		};
		6D3684B923BF844000492195 /* Release */ = {
			isa = XCBuildConfiguration;
			buildSettings = {
				CODE_SIGN_STYLE = Automatic;
				INFOPLIST_FILE = SwiftWingsTests/Info.plist;
				LD_RUNPATH_SEARCH_PATHS = (
					"$(inherited)",
					"@executable_path/Frameworks",
					"@loader_path/Frameworks",
				);
				PRODUCT_BUNDLE_IDENTIFIER = dev.leacode.SwiftWingsTests;
				PRODUCT_NAME = "$(TARGET_NAME)";
				SWIFT_VERSION = 5.0;
				TARGETED_DEVICE_FAMILY = "1,2";
			};
			name = Release;
		};
/* End XCBuildConfiguration section */

/* Begin XCConfigurationList section */
		6D36849523BF82A600492195 /* Build configuration list for PBXProject "SwiftWings" */ = {
			isa = XCConfigurationList;
			buildConfigurations = (
				6D3684A123BF82A600492195 /* Debug */,
				6D3684A223BF82A600492195 /* Release */,
			);
			defaultConfigurationIsVisible = 0;
			defaultConfigurationName = Release;
		};
		6D3684A323BF82A600492195 /* Build configuration list for PBXNativeTarget "SwiftWings" */ = {
			isa = XCConfigurationList;
			buildConfigurations = (
				6D3684A423BF82A600492195 /* Debug */,
				6D3684A523BF82A600492195 /* Release */,
			);
			defaultConfigurationIsVisible = 0;
			defaultConfigurationName = Release;
		};
		6D3684B723BF844000492195 /* Build configuration list for PBXNativeTarget "SwiftWingsTests" */ = {
			isa = XCConfigurationList;
			buildConfigurations = (
				6D3684B823BF844000492195 /* Debug */,
				6D3684B923BF844000492195 /* Release */,
			);
			defaultConfigurationIsVisible = 0;
			defaultConfigurationName = Release;
		};
/* End XCConfigurationList section */
	};
	rootObject = 6D36849223BF82A600492195 /* Project object */;
}
