// !$*UTF8*$!
{
	archiveVersion = 1;
	classes = {
	};
	objectVersion = 50;
	objects = {

/* Begin PBXBuildFile section */
		1F35B19725A5583E0080C880 /* NSNumber+Display.swift in Sources */ = {isa = PBXBuildFile; fileRef = 1F35B19625A5583E0080C880 /* NSNumber+Display.swift */; };
		1FAA86D1257C450200931FB9 /* SwiftWings.h in Headers */ = {isa = PBXBuildFile; fileRef = 6D36849E23BF82A600492195 /* SwiftWings.h */; settings = {ATTRIBUTES = (Public, ); }; };
		1FAA86D3257C450200931FB9 /* String+Validation.swift in Sources */ = {isa = PBXBuildFile; fileRef = 6D79FFD023C3218B00C163FC /* String+Validation.swift */; };
		1FAA86D4257C450200931FB9 /* String+MD5.swift in Sources */ = {isa = PBXBuildFile; fileRef = 6DE8437D23C53C1A00CF59B9 /* String+MD5.swift */; };
		1FAA86D5257C450200931FB9 /* Date+Extensions.swift in Sources */ = {isa = PBXBuildFile; fileRef = 6D26182723CD57A3004BE3B8 /* Date+Extensions.swift */; };
		1FAA86D6257C450200931FB9 /* String+Emoji.swift in Sources */ = {isa = PBXBuildFile; fileRef = 6D0FD5D723D696F7009BC878 /* String+Emoji.swift */; };
		1FAA86D7257C450200931FB9 /* String+Extensions.swift in Sources */ = {isa = PBXBuildFile; fileRef = 6DC880B925008EBA0075F895 /* String+Extensions.swift */; };
		1FAA86D8257C450200931FB9 /* Data+PrettyJSON.swift in Sources */ = {isa = PBXBuildFile; fileRef = 6D34CB8323D551F8005F1731 /* Data+PrettyJSON.swift */; };
		1FAA86D9257C450200931FB9 /* Bundle+Extensions.swift in Sources */ = {isa = PBXBuildFile; fileRef = 6DC880BC2500904F0075F895 /* Bundle+Extensions.swift */; };
		1FAA86DA257C450200931FB9 /* Data+Extensions.swift in Sources */ = {isa = PBXBuildFile; fileRef = 6DE8438523C55ED100CF59B9 /* Data+Extensions.swift */; };
		1FAA86DB257C450200931FB9 /* Mirror+Reflection.swift in Sources */ = {isa = PBXBuildFile; fileRef = 6D8AF58723CC71DD00A6D6FA /* Mirror+Reflection.swift */; };
		1FAA86DC257C450200931FB9 /* Codable+JSON.swift in Sources */ = {isa = PBXBuildFile; fileRef = 6D34CB8623D55237005F1731 /* Codable+JSON.swift */; };
		1FAA86DD257C450200931FB9 /* Sequence+Extensions.swift in Sources */ = {isa = PBXBuildFile; fileRef = 6DB380A1240A0DA800477692 /* Sequence+Extensions.swift */; };
		1FAA86DE257C450200931FB9 /* Double+ChineseCurrency.swift in Sources */ = {isa = PBXBuildFile; fileRef = 6DBD6AB12431C52000ADF258 /* Double+ChineseCurrency.swift */; };
		1FAA86DF257C450200931FB9 /* Array+Subscript.swift in Sources */ = {isa = PBXBuildFile; fileRef = 6DD1507423D44A6000AE8DD7 /* Array+Subscript.swift */; };
		1FAA86E0257C450200931FB9 /* NSObject+Name.swift in Sources */ = {isa = PBXBuildFile; fileRef = 6D3684A923BF834B00492195 /* NSObject+Name.swift */; };
		1FAA86E1257C450200931FB9 /* MimeType.swift in Sources */ = {isa = PBXBuildFile; fileRef = 6D21BEA123C84A9600526DAF /* MimeType.swift */; };
		1FAA86E2257C450200931FB9 /* Optional+Transform.swift in Sources */ = {isa = PBXBuildFile; fileRef = 6DD1507923D44C8700AE8DD7 /* Optional+Transform.swift */; };
		1FAA86E3257C450200931FB9 /* String+Modify.swift in Sources */ = {isa = PBXBuildFile; fileRef = 6D42BC8A23CEF8FF00C204F9 /* String+Modify.swift */; };
		1FAA86E4257C450200931FB9 /* String+File.swift in Sources */ = {isa = PBXBuildFile; fileRef = 6DB380C3240A175A00477692 /* String+File.swift */; };
		1FAA86E5257C450200931FB9 /* Data+MimeType.swift in Sources */ = {isa = PBXBuildFile; fileRef = 6DE8438723C5603200CF59B9 /* Data+MimeType.swift */; };
		1FAA86E6257C450200931FB9 /* Array+Data.swift in Sources */ = {isa = PBXBuildFile; fileRef = 6D34CB8123D551BE005F1731 /* Array+Data.swift */; };
		1FAA86E7257C450200931FB9 /* Int+ChineseCurrency.swift in Sources */ = {isa = PBXBuildFile; fileRef = 6DBD6AB62431DE2C00ADF258 /* Int+ChineseCurrency.swift */; };
		1FAA86E8257C450200931FB9 /* String+Subscript.swift in Sources */ = {isa = PBXBuildFile; fileRef = 6D21BE6923C57D5D00526DAF /* String+Subscript.swift */; };
		1FAA86E9257C450200931FB9 /* Double+Extensions.swift in Sources */ = {isa = PBXBuildFile; fileRef = 6DC880B525008E410075F895 /* Double+Extensions.swift */; };
		1FAA86EA257C450200931FB9 /* Int+Extensions.swift in Sources */ = {isa = PBXBuildFile; fileRef = 6DE8438223C55EAA00CF59B9 /* Int+Extensions.swift */; };
		1FAA86EB257C450200931FB9 /* Range+Extensions.swift in Sources */ = {isa = PBXBuildFile; fileRef = 6DB380A7240A10B000477692 /* Range+Extensions.swift */; };
		1FC11D7B267C4C54001D0AE4 /* Date+ComponentsTests.swift in Sources */ = {isa = PBXBuildFile; fileRef = 1FC11D7A267C4C54001D0AE4 /* Date+ComponentsTests.swift */; };
		1FC11D7C267C70FD001D0AE4 /* Bundle+Extensions.swift in Sources */ = {isa = PBXBuildFile; fileRef = 6DC880BC2500904F0075F895 /* Bundle+Extensions.swift */; };
		1FC11D7D267C70FE001D0AE4 /* Bundle+Extensions.swift in Sources */ = {isa = PBXBuildFile; fileRef = 6DC880BC2500904F0075F895 /* Bundle+Extensions.swift */; };
		1FC11D7E267C7100001D0AE4 /* NSNumber+Display.swift in Sources */ = {isa = PBXBuildFile; fileRef = 1F35B19625A5583E0080C880 /* NSNumber+Display.swift */; };
		1FC11D7F267C7101001D0AE4 /* NSNumber+Display.swift in Sources */ = {isa = PBXBuildFile; fileRef = 1F35B19625A5583E0080C880 /* NSNumber+Display.swift */; };
		1FC11D80267C7101001D0AE4 /* NSNumber+Display.swift in Sources */ = {isa = PBXBuildFile; fileRef = 1F35B19625A5583E0080C880 /* NSNumber+Display.swift */; };
		1FFC8D4D2608F50C00F78E19 /* Date+Components.swift in Sources */ = {isa = PBXBuildFile; fileRef = 1FFC8D4C2608F50C00F78E19 /* Date+Components.swift */; };
		1FFC8D4E2608F50C00F78E19 /* Date+Components.swift in Sources */ = {isa = PBXBuildFile; fileRef = 1FFC8D4C2608F50C00F78E19 /* Date+Components.swift */; };
		1FFC8D4F2608F50C00F78E19 /* Date+Components.swift in Sources */ = {isa = PBXBuildFile; fileRef = 1FFC8D4C2608F50C00F78E19 /* Date+Components.swift */; };
		1FFC8D502608F50C00F78E19 /* Date+Components.swift in Sources */ = {isa = PBXBuildFile; fileRef = 1FFC8D4C2608F50C00F78E19 /* Date+Components.swift */; };
		6D0FD5D823D696F7009BC878 /* String+Emoji.swift in Sources */ = {isa = PBXBuildFile; fileRef = 6D0FD5D723D696F7009BC878 /* String+Emoji.swift */; };
		6D11861B23E0023100726870 /* String+EmojiTests.swift in Sources */ = {isa = PBXBuildFile; fileRef = 6D11861A23E0023100726870 /* String+EmojiTests.swift */; };
		6D21BE6823C57D4F00526DAF /* String+SubscriptTests.swift in Sources */ = {isa = PBXBuildFile; fileRef = 6D21BE6723C57D4F00526DAF /* String+SubscriptTests.swift */; };
		6D21BE6A23C57D5D00526DAF /* String+Subscript.swift in Sources */ = {isa = PBXBuildFile; fileRef = 6D21BE6923C57D5D00526DAF /* String+Subscript.swift */; };
		6D21BE7023C73E6B00526DAF /* pngFile.png in Resources */ = {isa = PBXBuildFile; fileRef = 6D21BE6E23C73E1D00526DAF /* pngFile.png */; };
		6D21BE7623C7585800526DAF /* flacFile.flac in Resources */ = {isa = PBXBuildFile; fileRef = 6D21BE7523C7585800526DAF /* flacFile.flac */; };
		6D21BE7823C758FF00526DAF /* oggFile.ogg in Resources */ = {isa = PBXBuildFile; fileRef = 6D21BE7723C758FF00526DAF /* oggFile.ogg */; };
		6D21BE7A23C804EB00526DAF /* mp3File.mp3 in Resources */ = {isa = PBXBuildFile; fileRef = 6D21BE7923C804EB00526DAF /* mp3File.mp3 */; };
		6D21BE7E23C810BB00526DAF /* jpgFile.jpg in Resources */ = {isa = PBXBuildFile; fileRef = 6D21BE7D23C810BB00526DAF /* jpgFile.jpg */; };
		6D21BE8023C8111000526DAF /* jpegFile.jpeg in Resources */ = {isa = PBXBuildFile; fileRef = 6D21BE7F23C8110F00526DAF /* jpegFile.jpeg */; };
		6D21BE8223C819D100526DAF /* tiffFile.tiff in Resources */ = {isa = PBXBuildFile; fileRef = 6D21BE8123C819D100526DAF /* tiffFile.tiff */; };
		6D21BE8423C81A3A00526DAF /* webpFile.webp in Resources */ = {isa = PBXBuildFile; fileRef = 6D21BE8323C81A3A00526DAF /* webpFile.webp */; };
		6D21BE8623C81CD600526DAF /* gifFile.gif in Resources */ = {isa = PBXBuildFile; fileRef = 6D21BE8523C81CD600526DAF /* gifFile.gif */; };
		6D21BE8823C81D5B00526DAF /* psdFile.psd in Resources */ = {isa = PBXBuildFile; fileRef = 6D21BE8723C81D5B00526DAF /* psdFile.psd */; };
		6D21BE8C23C828D400526DAF /* rarFile.rar in Resources */ = {isa = PBXBuildFile; fileRef = 6D21BE8B23C828D300526DAF /* rarFile.rar */; };
		6D21BE8E23C82B5B00526DAF /* tarFile.tar in Resources */ = {isa = PBXBuildFile; fileRef = 6D21BE8D23C82B5B00526DAF /* tarFile.tar */; };
		6D21BE9023C82BE600526DAF /* gzFile.gz in Resources */ = {isa = PBXBuildFile; fileRef = 6D21BE8F23C82BE600526DAF /* gzFile.gz */; };
		6D21BE9223C82C3500526DAF /* bz2File.bz2 in Resources */ = {isa = PBXBuildFile; fileRef = 6D21BE9123C82C3500526DAF /* bz2File.bz2 */; };
		6D21BE9423C82CCD00526DAF /* sqliteFile.sqlite in Resources */ = {isa = PBXBuildFile; fileRef = 6D21BE9323C82CCD00526DAF /* sqliteFile.sqlite */; };
		6D21BE9623C8353C00526DAF /* bmpFile.bmp in Resources */ = {isa = PBXBuildFile; fileRef = 6D21BE9523C8353C00526DAF /* bmpFile.bmp */; };
		6D21BE9823C83CC000526DAF /* icoFile.ico in Resources */ = {isa = PBXBuildFile; fileRef = 6D21BE9723C83CC000526DAF /* icoFile.ico */; };
		6D21BE9A23C83D8800526DAF /* opusFile.opus in Resources */ = {isa = PBXBuildFile; fileRef = 6D21BE9923C83D8800526DAF /* opusFile.opus */; };
		6D21BE9C23C83DF900526DAF /* m4aFile.m4a in Resources */ = {isa = PBXBuildFile; fileRef = 6D21BE9B23C83DF900526DAF /* m4aFile.m4a */; };
		6D21BE9E23C83FCD00526DAF /* midFile.mid in Resources */ = {isa = PBXBuildFile; fileRef = 6D21BE9D23C83FCD00526DAF /* midFile.mid */; };
		6D21BEB823CC3F2F00526DAF /* SwiftWings.h in Headers */ = {isa = PBXBuildFile; fileRef = 6D36849E23BF82A600492195 /* SwiftWings.h */; settings = {ATTRIBUTES = (Public, ); }; };
		6D21BEBA23CC3F2F00526DAF /* String+Validation.swift in Sources */ = {isa = PBXBuildFile; fileRef = 6D79FFD023C3218B00C163FC /* String+Validation.swift */; };
		6D21BEBB23CC3F2F00526DAF /* String+MD5.swift in Sources */ = {isa = PBXBuildFile; fileRef = 6DE8437D23C53C1A00CF59B9 /* String+MD5.swift */; };
		6D21BEBC23CC3F2F00526DAF /* Data+Extensions.swift in Sources */ = {isa = PBXBuildFile; fileRef = 6DE8438523C55ED100CF59B9 /* Data+Extensions.swift */; };
		6D21BEBD23CC3F2F00526DAF /* NSObject+Name.swift in Sources */ = {isa = PBXBuildFile; fileRef = 6D3684A923BF834B00492195 /* NSObject+Name.swift */; };
		6D21BEBE23CC3F2F00526DAF /* Data+MimeType.swift in Sources */ = {isa = PBXBuildFile; fileRef = 6DE8438723C5603200CF59B9 /* Data+MimeType.swift */; };
		6D21BEBF23CC3F2F00526DAF /* String+Subscript.swift in Sources */ = {isa = PBXBuildFile; fileRef = 6D21BE6923C57D5D00526DAF /* String+Subscript.swift */; };
		6D21BEC023CC3F2F00526DAF /* Int+Extensions.swift in Sources */ = {isa = PBXBuildFile; fileRef = 6DE8438223C55EAA00CF59B9 /* Int+Extensions.swift */; };
		6D21BECA23CC3F6500526DAF /* SwiftWings.h in Headers */ = {isa = PBXBuildFile; fileRef = 6D36849E23BF82A600492195 /* SwiftWings.h */; settings = {ATTRIBUTES = (Public, ); }; };
		6D21BECC23CC3F6500526DAF /* String+Validation.swift in Sources */ = {isa = PBXBuildFile; fileRef = 6D79FFD023C3218B00C163FC /* String+Validation.swift */; };
		6D21BECD23CC3F6500526DAF /* String+MD5.swift in Sources */ = {isa = PBXBuildFile; fileRef = 6DE8437D23C53C1A00CF59B9 /* String+MD5.swift */; };
		6D21BECE23CC3F6500526DAF /* Data+Extensions.swift in Sources */ = {isa = PBXBuildFile; fileRef = 6DE8438523C55ED100CF59B9 /* Data+Extensions.swift */; };
		6D21BECF23CC3F6500526DAF /* NSObject+Name.swift in Sources */ = {isa = PBXBuildFile; fileRef = 6D3684A923BF834B00492195 /* NSObject+Name.swift */; };
		6D21BED023CC3F6500526DAF /* Data+MimeType.swift in Sources */ = {isa = PBXBuildFile; fileRef = 6DE8438723C5603200CF59B9 /* Data+MimeType.swift */; };
		6D21BED123CC3F6500526DAF /* String+Subscript.swift in Sources */ = {isa = PBXBuildFile; fileRef = 6D21BE6923C57D5D00526DAF /* String+Subscript.swift */; };
		6D21BED223CC3F6500526DAF /* Int+Extensions.swift in Sources */ = {isa = PBXBuildFile; fileRef = 6DE8438223C55EAA00CF59B9 /* Int+Extensions.swift */; };
		6D26182823CD57A3004BE3B8 /* Date+Extensions.swift in Sources */ = {isa = PBXBuildFile; fileRef = 6D26182723CD57A3004BE3B8 /* Date+Extensions.swift */; };
		6D26182923CD57A3004BE3B8 /* Date+Extensions.swift in Sources */ = {isa = PBXBuildFile; fileRef = 6D26182723CD57A3004BE3B8 /* Date+Extensions.swift */; };
		6D26182A23CD57A3004BE3B8 /* Date+Extensions.swift in Sources */ = {isa = PBXBuildFile; fileRef = 6D26182723CD57A3004BE3B8 /* Date+Extensions.swift */; };
		6D26182D23CD57ED004BE3B8 /* Date+ExtensionsTests.swift in Sources */ = {isa = PBXBuildFile; fileRef = 6D26182C23CD57ED004BE3B8 /* Date+ExtensionsTests.swift */; };
		6D34CB7D23D5341A005F1731 /* Array+SubscriptTests.swift in Sources */ = {isa = PBXBuildFile; fileRef = 6D34CB7C23D5341A005F1731 /* Array+SubscriptTests.swift */; };
		6D34CB8023D537D4005F1731 /* Optional+TransformTests.swift in Sources */ = {isa = PBXBuildFile; fileRef = 6D34CB7F23D537D4005F1731 /* Optional+TransformTests.swift */; };
		6D34CB8223D551BE005F1731 /* Array+Data.swift in Sources */ = {isa = PBXBuildFile; fileRef = 6D34CB8123D551BE005F1731 /* Array+Data.swift */; };
		6D34CB8423D551F8005F1731 /* Data+PrettyJSON.swift in Sources */ = {isa = PBXBuildFile; fileRef = 6D34CB8323D551F8005F1731 /* Data+PrettyJSON.swift */; };
		6D34CB8723D55237005F1731 /* Codable+JSON.swift in Sources */ = {isa = PBXBuildFile; fileRef = 6D34CB8623D55237005F1731 /* Codable+JSON.swift */; };
		6D34CB8D23D5546F005F1731 /* Codable+JSONTests.swift in Sources */ = {isa = PBXBuildFile; fileRef = 6D34CB8C23D5546F005F1731 /* Codable+JSONTests.swift */; };
		6D34CB9223D55503005F1731 /* CodableModel.swift in Sources */ = {isa = PBXBuildFile; fileRef = 6D34CB9123D55503005F1731 /* CodableModel.swift */; };
		6D34CB9423D55E26005F1731 /* Data+PrettyJSONTests.swift in Sources */ = {isa = PBXBuildFile; fileRef = 6D34CB9323D55E26005F1731 /* Data+PrettyJSONTests.swift */; };
		6D34CB9923D56542005F1731 /* Array+DataTests.swift in Sources */ = {isa = PBXBuildFile; fileRef = 6D34CB9823D56542005F1731 /* Array+DataTests.swift */; };
		6D3684A023BF82A600492195 /* SwiftWings.h in Headers */ = {isa = PBXBuildFile; fileRef = 6D36849E23BF82A600492195 /* SwiftWings.h */; settings = {ATTRIBUTES = (Public, ); }; };
		6D3684AA23BF834B00492195 /* NSObject+Name.swift in Sources */ = {isa = PBXBuildFile; fileRef = 6D3684A923BF834B00492195 /* NSObject+Name.swift */; };
		6D3684B423BF844000492195 /* SwiftWings.framework in Frameworks */ = {isa = PBXBuildFile; fileRef = 6D36849B23BF82A600492195 /* SwiftWings.framework */; };
		6D3684BC23BF849900492195 /* NSObject+NameTests.swift in Sources */ = {isa = PBXBuildFile; fileRef = 6D3684BB23BF849900492195 /* NSObject+NameTests.swift */; };
		6D42BC8B23CEF8FF00C204F9 /* String+Modify.swift in Sources */ = {isa = PBXBuildFile; fileRef = 6D42BC8A23CEF8FF00C204F9 /* String+Modify.swift */; };
		6D42BC8D23CEFD5D00C204F9 /* String+ModifyTests.swift in Sources */ = {isa = PBXBuildFile; fileRef = 6D42BC8C23CEFD5D00C204F9 /* String+ModifyTests.swift */; };
		6D4B9C8E251DE5250021AE78 /* Double+ExtensionsTests.swift in Sources */ = {isa = PBXBuildFile; fileRef = 6D4B9C8D251DE5250021AE78 /* Double+ExtensionsTests.swift */; };
		6D4B9C95251DE6830021AE78 /* Bundle+ExtensionsTests.swift in Sources */ = {isa = PBXBuildFile; fileRef = 6D4B9C94251DE6830021AE78 /* Bundle+ExtensionsTests.swift */; };
		6D4F1E6D2514A1B20082829F /* String+Extensions.swift in Sources */ = {isa = PBXBuildFile; fileRef = 6DC880B925008EBA0075F895 /* String+Extensions.swift */; };
		6D4F1E6E2514A1B30082829F /* String+Extensions.swift in Sources */ = {isa = PBXBuildFile; fileRef = 6DC880B925008EBA0075F895 /* String+Extensions.swift */; };
		6D4F1E742514AFA50082829F /* String+ExtensionsTests.swift in Sources */ = {isa = PBXBuildFile; fileRef = 6D4F1E732514AFA50082829F /* String+ExtensionsTests.swift */; };
		6D79FFD223C3246400C163FC /* String+Validation.swift in Sources */ = {isa = PBXBuildFile; fileRef = 6D79FFD023C3218B00C163FC /* String+Validation.swift */; };
		6D79FFD423C3247A00C163FC /* String+ValidationTests.swift in Sources */ = {isa = PBXBuildFile; fileRef = 6D79FFD323C3247A00C163FC /* String+ValidationTests.swift */; };
		6D8AF58823CC71DD00A6D6FA /* Mirror+Reflection.swift in Sources */ = {isa = PBXBuildFile; fileRef = 6D8AF58723CC71DD00A6D6FA /* Mirror+Reflection.swift */; };
		6D8F2C3B23CD8B020047B422 /* Mirror+ReflectionTests.swift in Sources */ = {isa = PBXBuildFile; fileRef = 6D8F2C3A23CD8B020047B422 /* Mirror+ReflectionTests.swift */; };
		6DB380A2240A0DA800477692 /* Sequence+Extensions.swift in Sources */ = {isa = PBXBuildFile; fileRef = 6DB380A1240A0DA800477692 /* Sequence+Extensions.swift */; };
		6DB380A5240A0E6900477692 /* Sequence+ExtensionsTests.swift in Sources */ = {isa = PBXBuildFile; fileRef = 6DB380A4240A0E6900477692 /* Sequence+ExtensionsTests.swift */; };
		6DB380A8240A10B000477692 /* Range+Extensions.swift in Sources */ = {isa = PBXBuildFile; fileRef = 6DB380A7240A10B000477692 /* Range+Extensions.swift */; };
		6DB380A9240A10B000477692 /* Range+Extensions.swift in Sources */ = {isa = PBXBuildFile; fileRef = 6DB380A7240A10B000477692 /* Range+Extensions.swift */; };
		6DB380AA240A10B000477692 /* Range+Extensions.swift in Sources */ = {isa = PBXBuildFile; fileRef = 6DB380A7240A10B000477692 /* Range+Extensions.swift */; };
		6DB380AB240A10B600477692 /* Sequence+Extensions.swift in Sources */ = {isa = PBXBuildFile; fileRef = 6DB380A1240A0DA800477692 /* Sequence+Extensions.swift */; };
		6DB380AC240A10B600477692 /* Sequence+Extensions.swift in Sources */ = {isa = PBXBuildFile; fileRef = 6DB380A1240A0DA800477692 /* Sequence+Extensions.swift */; };
		6DB380AD240A10BA00477692 /* Codable+JSON.swift in Sources */ = {isa = PBXBuildFile; fileRef = 6D34CB8623D55237005F1731 /* Codable+JSON.swift */; };
		6DB380AE240A10BB00477692 /* Codable+JSON.swift in Sources */ = {isa = PBXBuildFile; fileRef = 6D34CB8623D55237005F1731 /* Codable+JSON.swift */; };
		6DB380AF240A10BF00477692 /* Array+Subscript.swift in Sources */ = {isa = PBXBuildFile; fileRef = 6DD1507423D44A6000AE8DD7 /* Array+Subscript.swift */; };
		6DB380B0240A10BF00477692 /* Array+Data.swift in Sources */ = {isa = PBXBuildFile; fileRef = 6D34CB8123D551BE005F1731 /* Array+Data.swift */; };
		6DB380B1240A10BF00477692 /* Array+Subscript.swift in Sources */ = {isa = PBXBuildFile; fileRef = 6DD1507423D44A6000AE8DD7 /* Array+Subscript.swift */; };
		6DB380B2240A10BF00477692 /* Array+Data.swift in Sources */ = {isa = PBXBuildFile; fileRef = 6D34CB8123D551BE005F1731 /* Array+Data.swift */; };
		6DB380B6240A10C700477692 /* MimeType.swift in Sources */ = {isa = PBXBuildFile; fileRef = 6D21BEA123C84A9600526DAF /* MimeType.swift */; };
		6DB380B7240A10C700477692 /* Data+PrettyJSON.swift in Sources */ = {isa = PBXBuildFile; fileRef = 6D34CB8323D551F8005F1731 /* Data+PrettyJSON.swift */; };
		6DB380B8240A10C700477692 /* MimeType.swift in Sources */ = {isa = PBXBuildFile; fileRef = 6D21BEA123C84A9600526DAF /* MimeType.swift */; };
		6DB380B9240A10C700477692 /* Data+PrettyJSON.swift in Sources */ = {isa = PBXBuildFile; fileRef = 6D34CB8323D551F8005F1731 /* Data+PrettyJSON.swift */; };
		6DB380BA240A10C800477692 /* MimeType.swift in Sources */ = {isa = PBXBuildFile; fileRef = 6D21BEA123C84A9600526DAF /* MimeType.swift */; };
		6DB380BB240A10D000477692 /* Mirror+Reflection.swift in Sources */ = {isa = PBXBuildFile; fileRef = 6D8AF58723CC71DD00A6D6FA /* Mirror+Reflection.swift */; };
		6DB380BC240A10D100477692 /* Mirror+Reflection.swift in Sources */ = {isa = PBXBuildFile; fileRef = 6D8AF58723CC71DD00A6D6FA /* Mirror+Reflection.swift */; };
		6DB380BD240A10D600477692 /* Optional+Transform.swift in Sources */ = {isa = PBXBuildFile; fileRef = 6DD1507923D44C8700AE8DD7 /* Optional+Transform.swift */; };
		6DB380BE240A10D600477692 /* Optional+Transform.swift in Sources */ = {isa = PBXBuildFile; fileRef = 6DD1507923D44C8700AE8DD7 /* Optional+Transform.swift */; };
		6DB380BF240A10DB00477692 /* String+Emoji.swift in Sources */ = {isa = PBXBuildFile; fileRef = 6D0FD5D723D696F7009BC878 /* String+Emoji.swift */; };
		6DB380C0240A10DB00477692 /* String+Modify.swift in Sources */ = {isa = PBXBuildFile; fileRef = 6D42BC8A23CEF8FF00C204F9 /* String+Modify.swift */; };
		6DB380C1240A10DB00477692 /* String+Emoji.swift in Sources */ = {isa = PBXBuildFile; fileRef = 6D0FD5D723D696F7009BC878 /* String+Emoji.swift */; };
		6DB380C2240A10DB00477692 /* String+Modify.swift in Sources */ = {isa = PBXBuildFile; fileRef = 6D42BC8A23CEF8FF00C204F9 /* String+Modify.swift */; };
		6DB380C4240A175A00477692 /* String+File.swift in Sources */ = {isa = PBXBuildFile; fileRef = 6DB380C3240A175A00477692 /* String+File.swift */; };
		6DB380C5240A175A00477692 /* String+File.swift in Sources */ = {isa = PBXBuildFile; fileRef = 6DB380C3240A175A00477692 /* String+File.swift */; };
		6DB380C6240A175A00477692 /* String+File.swift in Sources */ = {isa = PBXBuildFile; fileRef = 6DB380C3240A175A00477692 /* String+File.swift */; };
		6DBD6AB22431C52000ADF258 /* Double+ChineseCurrency.swift in Sources */ = {isa = PBXBuildFile; fileRef = 6DBD6AB12431C52000ADF258 /* Double+ChineseCurrency.swift */; };
		6DBD6AB52431C61B00ADF258 /* Double_ChineseMoneyTests.swift in Sources */ = {isa = PBXBuildFile; fileRef = 6DBD6AB32431C5DC00ADF258 /* Double_ChineseMoneyTests.swift */; };
		6DBD6AB72431DE2C00ADF258 /* Int+ChineseCurrency.swift in Sources */ = {isa = PBXBuildFile; fileRef = 6DBD6AB62431DE2C00ADF258 /* Int+ChineseCurrency.swift */; };
		6DBD6AB92431DE6100ADF258 /* Int+ChineseCurrencyTests.swift in Sources */ = {isa = PBXBuildFile; fileRef = 6DBD6AB82431DE6100ADF258 /* Int+ChineseCurrencyTests.swift */; };
		6DBD6ABA2431F38600ADF258 /* Int+ChineseCurrency.swift in Sources */ = {isa = PBXBuildFile; fileRef = 6DBD6AB62431DE2C00ADF258 /* Int+ChineseCurrency.swift */; };
		6DBD6ABB2431F38600ADF258 /* Int+ChineseCurrency.swift in Sources */ = {isa = PBXBuildFile; fileRef = 6DBD6AB62431DE2C00ADF258 /* Int+ChineseCurrency.swift */; };
		6DBD6ABC2431F38900ADF258 /* Double+ChineseCurrency.swift in Sources */ = {isa = PBXBuildFile; fileRef = 6DBD6AB12431C52000ADF258 /* Double+ChineseCurrency.swift */; };
		6DBD6ABD2431F38A00ADF258 /* Double+ChineseCurrency.swift in Sources */ = {isa = PBXBuildFile; fileRef = 6DBD6AB12431C52000ADF258 /* Double+ChineseCurrency.swift */; };
		6DC880B625008E410075F895 /* Double+Extensions.swift in Sources */ = {isa = PBXBuildFile; fileRef = 6DC880B525008E410075F895 /* Double+Extensions.swift */; };
		6DC880B725008E440075F895 /* Double+Extensions.swift in Sources */ = {isa = PBXBuildFile; fileRef = 6DC880B525008E410075F895 /* Double+Extensions.swift */; };
		6DC880B825008E450075F895 /* Double+Extensions.swift in Sources */ = {isa = PBXBuildFile; fileRef = 6DC880B525008E410075F895 /* Double+Extensions.swift */; };
		6DC880BA25008EBA0075F895 /* String+Extensions.swift in Sources */ = {isa = PBXBuildFile; fileRef = 6DC880B925008EBA0075F895 /* String+Extensions.swift */; };
		6DC880BD2500904F0075F895 /* Bundle+Extensions.swift in Sources */ = {isa = PBXBuildFile; fileRef = 6DC880BC2500904F0075F895 /* Bundle+Extensions.swift */; };
		6DD1507523D44A6000AE8DD7 /* Array+Subscript.swift in Sources */ = {isa = PBXBuildFile; fileRef = 6DD1507423D44A6000AE8DD7 /* Array+Subscript.swift */; };
		6DD1507A23D44C8700AE8DD7 /* Optional+Transform.swift in Sources */ = {isa = PBXBuildFile; fileRef = 6DD1507923D44C8700AE8DD7 /* Optional+Transform.swift */; };
		6DE8437E23C53C1A00CF59B9 /* String+MD5.swift in Sources */ = {isa = PBXBuildFile; fileRef = 6DE8437D23C53C1A00CF59B9 /* String+MD5.swift */; };
		6DE8438023C53C9B00CF59B9 /* String+MD5Tests.swift in Sources */ = {isa = PBXBuildFile; fileRef = 6DE8437F23C53C9B00CF59B9 /* String+MD5Tests.swift */; };
		6DE8438323C55EAA00CF59B9 /* Int+Extensions.swift in Sources */ = {isa = PBXBuildFile; fileRef = 6DE8438223C55EAA00CF59B9 /* Int+Extensions.swift */; };
		6DE8438623C55ED100CF59B9 /* Data+Extensions.swift in Sources */ = {isa = PBXBuildFile; fileRef = 6DE8438523C55ED100CF59B9 /* Data+Extensions.swift */; };
		6DE8438823C5603200CF59B9 /* Data+MimeType.swift in Sources */ = {isa = PBXBuildFile; fileRef = 6DE8438723C5603200CF59B9 /* Data+MimeType.swift */; };
		6DE8438B23C564E900CF59B9 /* Data+MimeTypeTests.swift in Sources */ = {isa = PBXBuildFile; fileRef = 6DE8438A23C564E900CF59B9 /* Data+MimeTypeTests.swift */; };
		6DE8438F23C569D300CF59B9 /* amrFile.amr in Resources */ = {isa = PBXBuildFile; fileRef = 6DE8438D23C569D300CF59B9 /* amrFile.amr */; };
		6DE8439023C569D300CF59B9 /* wavFile.wav in Resources */ = {isa = PBXBuildFile; fileRef = 6DE8438E23C569D300CF59B9 /* wavFile.wav */; };
		6DE8439423C56A7700CF59B9 /* Data+File.swift in Sources */ = {isa = PBXBuildFile; fileRef = 6DE8439323C56A7700CF59B9 /* Data+File.swift */; };
		6DE8439723C56C6F00CF59B9 /* Int+ExtensionsTests.swift in Sources */ = {isa = PBXBuildFile; fileRef = 6DE8439623C56C6F00CF59B9 /* Int+ExtensionsTests.swift */; };
		6DE8439923C56EC800CF59B9 /* AudioMimeTypeTests.swift in Sources */ = {isa = PBXBuildFile; fileRef = 6DE8439823C56EC800CF59B9 /* AudioMimeTypeTests.swift */; };
		6DE8439B23C56ED200CF59B9 /* MimeTypeTests.swift in Sources */ = {isa = PBXBuildFile; fileRef = 6DE8439A23C56ED200CF59B9 /* MimeTypeTests.swift */; };
/* End PBXBuildFile section */

/* Begin PBXContainerItemProxy section */
		6D3684B523BF844000492195 /* PBXContainerItemProxy */ = {
			isa = PBXContainerItemProxy;
			containerPortal = 6D36849223BF82A600492195 /* Project object */;
			proxyType = 1;
			remoteGlobalIDString = 6D36849A23BF82A600492195;
			remoteInfo = SwiftWings;
		};
/* End PBXContainerItemProxy section */

/* Begin PBXFileReference section */
		1F35B19625A5583E0080C880 /* NSNumber+Display.swift */ = {isa = PBXFileReference; lastKnownFileType = sourcecode.swift; path = "NSNumber+Display.swift"; sourceTree = "<group>"; };
		1FAA86F1257C450200931FB9 /* SwiftWings macOS.framework */ = {isa = PBXFileReference; explicitFileType = wrapper.framework; includeInIndex = 0; path = "SwiftWings macOS.framework"; sourceTree = BUILT_PRODUCTS_DIR; };
		1FC11D7A267C4C54001D0AE4 /* Date+ComponentsTests.swift */ = {isa = PBXFileReference; lastKnownFileType = sourcecode.swift; path = "Date+ComponentsTests.swift"; sourceTree = "<group>"; };
		1FFC8D4C2608F50C00F78E19 /* Date+Components.swift */ = {isa = PBXFileReference; lastKnownFileType = sourcecode.swift; path = "Date+Components.swift"; sourceTree = "<group>"; };
		6D0FD5D723D696F7009BC878 /* String+Emoji.swift */ = {isa = PBXFileReference; lastKnownFileType = sourcecode.swift; path = "String+Emoji.swift"; sourceTree = "<group>"; };
		6D11861A23E0023100726870 /* String+EmojiTests.swift */ = {isa = PBXFileReference; lastKnownFileType = sourcecode.swift; path = "String+EmojiTests.swift"; sourceTree = "<group>"; };
		6D21BE6723C57D4F00526DAF /* String+SubscriptTests.swift */ = {isa = PBXFileReference; fileEncoding = 4; lastKnownFileType = sourcecode.swift; path = "String+SubscriptTests.swift"; sourceTree = "<group>"; };
		6D21BE6923C57D5D00526DAF /* String+Subscript.swift */ = {isa = PBXFileReference; fileEncoding = 4; lastKnownFileType = sourcecode.swift; path = "String+Subscript.swift"; sourceTree = "<group>"; };
		6D21BE6E23C73E1D00526DAF /* pngFile.png */ = {isa = PBXFileReference; lastKnownFileType = image.png; path = pngFile.png; sourceTree = "<group>"; };
		6D21BE7523C7585800526DAF /* flacFile.flac */ = {isa = PBXFileReference; lastKnownFileType = file; path = flacFile.flac; sourceTree = "<group>"; };
		6D21BE7723C758FF00526DAF /* oggFile.ogg */ = {isa = PBXFileReference; lastKnownFileType = file; path = oggFile.ogg; sourceTree = "<group>"; };
		6D21BE7923C804EB00526DAF /* mp3File.mp3 */ = {isa = PBXFileReference; lastKnownFileType = audio.mp3; path = mp3File.mp3; sourceTree = "<group>"; };
		6D21BE7D23C810BB00526DAF /* jpgFile.jpg */ = {isa = PBXFileReference; lastKnownFileType = image.jpeg; path = jpgFile.jpg; sourceTree = "<group>"; };
		6D21BE7F23C8110F00526DAF /* jpegFile.jpeg */ = {isa = PBXFileReference; lastKnownFileType = image.jpeg; path = jpegFile.jpeg; sourceTree = "<group>"; };
		6D21BE8123C819D100526DAF /* tiffFile.tiff */ = {isa = PBXFileReference; lastKnownFileType = image.tiff; path = tiffFile.tiff; sourceTree = "<group>"; };
		6D21BE8323C81A3A00526DAF /* webpFile.webp */ = {isa = PBXFileReference; lastKnownFileType = file; path = webpFile.webp; sourceTree = "<group>"; };
		6D21BE8523C81CD600526DAF /* gifFile.gif */ = {isa = PBXFileReference; lastKnownFileType = image.gif; path = gifFile.gif; sourceTree = "<group>"; };
		6D21BE8723C81D5B00526DAF /* psdFile.psd */ = {isa = PBXFileReference; lastKnownFileType = file; path = psdFile.psd; sourceTree = "<group>"; };
		6D21BE8B23C828D300526DAF /* rarFile.rar */ = {isa = PBXFileReference; lastKnownFileType = file; path = rarFile.rar; sourceTree = "<group>"; };
		6D21BE8D23C82B5B00526DAF /* tarFile.tar */ = {isa = PBXFileReference; lastKnownFileType = archive.tar; path = tarFile.tar; sourceTree = "<group>"; };
		6D21BE8F23C82BE600526DAF /* gzFile.gz */ = {isa = PBXFileReference; lastKnownFileType = archive.gzip; path = gzFile.gz; sourceTree = "<group>"; };
		6D21BE9123C82C3500526DAF /* bz2File.bz2 */ = {isa = PBXFileReference; lastKnownFileType = file; path = bz2File.bz2; sourceTree = "<group>"; };
		6D21BE9323C82CCD00526DAF /* sqliteFile.sqlite */ = {isa = PBXFileReference; lastKnownFileType = file; path = sqliteFile.sqlite; sourceTree = "<group>"; };
		6D21BE9523C8353C00526DAF /* bmpFile.bmp */ = {isa = PBXFileReference; lastKnownFileType = image.bmp; path = bmpFile.bmp; sourceTree = "<group>"; };
		6D21BE9723C83CC000526DAF /* icoFile.ico */ = {isa = PBXFileReference; lastKnownFileType = image.ico; path = icoFile.ico; sourceTree = "<group>"; };
		6D21BE9923C83D8800526DAF /* opusFile.opus */ = {isa = PBXFileReference; lastKnownFileType = file; path = opusFile.opus; sourceTree = "<group>"; };
		6D21BE9B23C83DF900526DAF /* m4aFile.m4a */ = {isa = PBXFileReference; lastKnownFileType = file; path = m4aFile.m4a; sourceTree = "<group>"; };
		6D21BE9D23C83FCD00526DAF /* midFile.mid */ = {isa = PBXFileReference; lastKnownFileType = audio.midi; path = midFile.mid; sourceTree = "<group>"; };
		6D21BEA123C84A9600526DAF /* MimeType.swift */ = {isa = PBXFileReference; lastKnownFileType = sourcecode.swift; path = MimeType.swift; sourceTree = "<group>"; };
		6D21BEC623CC3F2F00526DAF /* SwiftWings.framework */ = {isa = PBXFileReference; explicitFileType = wrapper.framework; includeInIndex = 0; path = SwiftWings.framework; sourceTree = BUILT_PRODUCTS_DIR; };
		6D21BED823CC3F6500526DAF /* SwiftWings.framework */ = {isa = PBXFileReference; explicitFileType = wrapper.framework; includeInIndex = 0; path = SwiftWings.framework; sourceTree = BUILT_PRODUCTS_DIR; };
		6D26182723CD57A3004BE3B8 /* Date+Extensions.swift */ = {isa = PBXFileReference; lastKnownFileType = sourcecode.swift; path = "Date+Extensions.swift"; sourceTree = "<group>"; };
		6D26182C23CD57ED004BE3B8 /* Date+ExtensionsTests.swift */ = {isa = PBXFileReference; lastKnownFileType = sourcecode.swift; path = "Date+ExtensionsTests.swift"; sourceTree = "<group>"; };
		6D34CB7C23D5341A005F1731 /* Array+SubscriptTests.swift */ = {isa = PBXFileReference; lastKnownFileType = sourcecode.swift; path = "Array+SubscriptTests.swift"; sourceTree = "<group>"; };
		6D34CB7F23D537D4005F1731 /* Optional+TransformTests.swift */ = {isa = PBXFileReference; lastKnownFileType = sourcecode.swift; path = "Optional+TransformTests.swift"; sourceTree = "<group>"; };
		6D34CB8123D551BE005F1731 /* Array+Data.swift */ = {isa = PBXFileReference; lastKnownFileType = sourcecode.swift; path = "Array+Data.swift"; sourceTree = "<group>"; };
		6D34CB8323D551F8005F1731 /* Data+PrettyJSON.swift */ = {isa = PBXFileReference; lastKnownFileType = sourcecode.swift; path = "Data+PrettyJSON.swift"; sourceTree = "<group>"; };
		6D34CB8623D55237005F1731 /* Codable+JSON.swift */ = {isa = PBXFileReference; lastKnownFileType = sourcecode.swift; path = "Codable+JSON.swift"; sourceTree = "<group>"; };
		6D34CB8C23D5546F005F1731 /* Codable+JSONTests.swift */ = {isa = PBXFileReference; lastKnownFileType = sourcecode.swift; path = "Codable+JSONTests.swift"; sourceTree = "<group>"; };
		6D34CB9123D55503005F1731 /* CodableModel.swift */ = {isa = PBXFileReference; lastKnownFileType = sourcecode.swift; path = CodableModel.swift; sourceTree = "<group>"; };
		6D34CB9323D55E26005F1731 /* Data+PrettyJSONTests.swift */ = {isa = PBXFileReference; lastKnownFileType = sourcecode.swift; path = "Data+PrettyJSONTests.swift"; sourceTree = "<group>"; };
		6D34CB9823D56542005F1731 /* Array+DataTests.swift */ = {isa = PBXFileReference; lastKnownFileType = sourcecode.swift; path = "Array+DataTests.swift"; sourceTree = "<group>"; };
		6D36849B23BF82A600492195 /* SwiftWings.framework */ = {isa = PBXFileReference; explicitFileType = wrapper.framework; includeInIndex = 0; path = SwiftWings.framework; sourceTree = BUILT_PRODUCTS_DIR; };
		6D36849E23BF82A600492195 /* SwiftWings.h */ = {isa = PBXFileReference; lastKnownFileType = sourcecode.c.h; path = SwiftWings.h; sourceTree = "<group>"; };
		6D36849F23BF82A600492195 /* Info.plist */ = {isa = PBXFileReference; lastKnownFileType = text.plist.xml; path = Info.plist; sourceTree = "<group>"; };
		6D3684A923BF834B00492195 /* NSObject+Name.swift */ = {isa = PBXFileReference; lastKnownFileType = sourcecode.swift; path = "NSObject+Name.swift"; sourceTree = "<group>"; };
		6D3684AF23BF844000492195 /* SwiftWingsTests.xctest */ = {isa = PBXFileReference; explicitFileType = wrapper.cfbundle; includeInIndex = 0; path = SwiftWingsTests.xctest; sourceTree = BUILT_PRODUCTS_DIR; };
		6D3684B323BF844000492195 /* Info.plist */ = {isa = PBXFileReference; lastKnownFileType = text.plist.xml; path = Info.plist; sourceTree = "<group>"; };
		6D3684BB23BF849900492195 /* NSObject+NameTests.swift */ = {isa = PBXFileReference; lastKnownFileType = sourcecode.swift; path = "NSObject+NameTests.swift"; sourceTree = "<group>"; };
		6D42BC8A23CEF8FF00C204F9 /* String+Modify.swift */ = {isa = PBXFileReference; lastKnownFileType = sourcecode.swift; path = "String+Modify.swift"; sourceTree = "<group>"; };
		6D42BC8C23CEFD5D00C204F9 /* String+ModifyTests.swift */ = {isa = PBXFileReference; lastKnownFileType = sourcecode.swift; path = "String+ModifyTests.swift"; sourceTree = "<group>"; };
		6D4B9C8D251DE5250021AE78 /* Double+ExtensionsTests.swift */ = {isa = PBXFileReference; lastKnownFileType = sourcecode.swift; path = "Double+ExtensionsTests.swift"; sourceTree = "<group>"; };
		6D4B9C94251DE6830021AE78 /* Bundle+ExtensionsTests.swift */ = {isa = PBXFileReference; lastKnownFileType = sourcecode.swift; path = "Bundle+ExtensionsTests.swift"; sourceTree = "<group>"; };
		6D4F1E732514AFA50082829F /* String+ExtensionsTests.swift */ = {isa = PBXFileReference; lastKnownFileType = sourcecode.swift; path = "String+ExtensionsTests.swift"; sourceTree = "<group>"; };
		6D79FFD023C3218B00C163FC /* String+Validation.swift */ = {isa = PBXFileReference; lastKnownFileType = sourcecode.swift; path = "String+Validation.swift"; sourceTree = "<group>"; };
		6D79FFD323C3247A00C163FC /* String+ValidationTests.swift */ = {isa = PBXFileReference; lastKnownFileType = sourcecode.swift; path = "String+ValidationTests.swift"; sourceTree = "<group>"; };
		6D8AF58723CC71DD00A6D6FA /* Mirror+Reflection.swift */ = {isa = PBXFileReference; lastKnownFileType = sourcecode.swift; path = "Mirror+Reflection.swift"; sourceTree = "<group>"; };
		6D8F2C3A23CD8B020047B422 /* Mirror+ReflectionTests.swift */ = {isa = PBXFileReference; lastKnownFileType = sourcecode.swift; path = "Mirror+ReflectionTests.swift"; sourceTree = "<group>"; };
		6DB380A1240A0DA800477692 /* Sequence+Extensions.swift */ = {isa = PBXFileReference; lastKnownFileType = sourcecode.swift; path = "Sequence+Extensions.swift"; sourceTree = "<group>"; };
		6DB380A4240A0E6900477692 /* Sequence+ExtensionsTests.swift */ = {isa = PBXFileReference; lastKnownFileType = sourcecode.swift; path = "Sequence+ExtensionsTests.swift"; sourceTree = "<group>"; };
		6DB380A7240A10B000477692 /* Range+Extensions.swift */ = {isa = PBXFileReference; lastKnownFileType = sourcecode.swift; path = "Range+Extensions.swift"; sourceTree = "<group>"; };
		6DB380C3240A175A00477692 /* String+File.swift */ = {isa = PBXFileReference; lastKnownFileType = sourcecode.swift; path = "String+File.swift"; sourceTree = "<group>"; };
		6DBD6AB12431C52000ADF258 /* Double+ChineseCurrency.swift */ = {isa = PBXFileReference; lastKnownFileType = sourcecode.swift; path = "Double+ChineseCurrency.swift"; sourceTree = "<group>"; };
		6DBD6AB32431C5DC00ADF258 /* Double_ChineseMoneyTests.swift */ = {isa = PBXFileReference; lastKnownFileType = sourcecode.swift; path = Double_ChineseMoneyTests.swift; sourceTree = "<group>"; };
		6DBD6AB62431DE2C00ADF258 /* Int+ChineseCurrency.swift */ = {isa = PBXFileReference; lastKnownFileType = sourcecode.swift; path = "Int+ChineseCurrency.swift"; sourceTree = "<group>"; };
		6DBD6AB82431DE6100ADF258 /* Int+ChineseCurrencyTests.swift */ = {isa = PBXFileReference; lastKnownFileType = sourcecode.swift; path = "Int+ChineseCurrencyTests.swift"; sourceTree = "<group>"; };
		6DC880B525008E410075F895 /* Double+Extensions.swift */ = {isa = PBXFileReference; lastKnownFileType = sourcecode.swift; path = "Double+Extensions.swift"; sourceTree = "<group>"; };
		6DC880B925008EBA0075F895 /* String+Extensions.swift */ = {isa = PBXFileReference; lastKnownFileType = sourcecode.swift; path = "String+Extensions.swift"; sourceTree = "<group>"; };
		6DC880BC2500904F0075F895 /* Bundle+Extensions.swift */ = {isa = PBXFileReference; lastKnownFileType = sourcecode.swift; path = "Bundle+Extensions.swift"; sourceTree = "<group>"; };
		6DD1507423D44A6000AE8DD7 /* Array+Subscript.swift */ = {isa = PBXFileReference; lastKnownFileType = sourcecode.swift; path = "Array+Subscript.swift"; sourceTree = "<group>"; };
		6DD1507923D44C8700AE8DD7 /* Optional+Transform.swift */ = {isa = PBXFileReference; lastKnownFileType = sourcecode.swift; path = "Optional+Transform.swift"; sourceTree = "<group>"; };
		6DE8437D23C53C1A00CF59B9 /* String+MD5.swift */ = {isa = PBXFileReference; lastKnownFileType = sourcecode.swift; path = "String+MD5.swift"; sourceTree = "<group>"; };
		6DE8437F23C53C9B00CF59B9 /* String+MD5Tests.swift */ = {isa = PBXFileReference; lastKnownFileType = sourcecode.swift; path = "String+MD5Tests.swift"; sourceTree = "<group>"; };
		6DE8438223C55EAA00CF59B9 /* Int+Extensions.swift */ = {isa = PBXFileReference; lastKnownFileType = sourcecode.swift; path = "Int+Extensions.swift"; sourceTree = "<group>"; };
		6DE8438523C55ED100CF59B9 /* Data+Extensions.swift */ = {isa = PBXFileReference; lastKnownFileType = sourcecode.swift; path = "Data+Extensions.swift"; sourceTree = "<group>"; };
		6DE8438723C5603200CF59B9 /* Data+MimeType.swift */ = {isa = PBXFileReference; lastKnownFileType = sourcecode.swift; path = "Data+MimeType.swift"; sourceTree = "<group>"; };
		6DE8438A23C564E900CF59B9 /* Data+MimeTypeTests.swift */ = {isa = PBXFileReference; lastKnownFileType = sourcecode.swift; path = "Data+MimeTypeTests.swift"; sourceTree = "<group>"; };
		6DE8438D23C569D300CF59B9 /* amrFile.amr */ = {isa = PBXFileReference; lastKnownFileType = file; path = amrFile.amr; sourceTree = "<group>"; };
		6DE8438E23C569D300CF59B9 /* wavFile.wav */ = {isa = PBXFileReference; lastKnownFileType = audio.wav; path = wavFile.wav; sourceTree = "<group>"; };
		6DE8439323C56A7700CF59B9 /* Data+File.swift */ = {isa = PBXFileReference; lastKnownFileType = sourcecode.swift; path = "Data+File.swift"; sourceTree = "<group>"; };
		6DE8439623C56C6F00CF59B9 /* Int+ExtensionsTests.swift */ = {isa = PBXFileReference; lastKnownFileType = sourcecode.swift; path = "Int+ExtensionsTests.swift"; sourceTree = "<group>"; };
		6DE8439823C56EC800CF59B9 /* AudioMimeTypeTests.swift */ = {isa = PBXFileReference; lastKnownFileType = sourcecode.swift; path = AudioMimeTypeTests.swift; sourceTree = "<group>"; };
		6DE8439A23C56ED200CF59B9 /* MimeTypeTests.swift */ = {isa = PBXFileReference; lastKnownFileType = sourcecode.swift; path = MimeTypeTests.swift; sourceTree = "<group>"; };
/* End PBXFileReference section */

/* Begin PBXFrameworksBuildPhase section */
		1FAA86EC257C450200931FB9 /* Frameworks */ = {
			isa = PBXFrameworksBuildPhase;
			buildActionMask = 2147483647;
			files = (
			);
			runOnlyForDeploymentPostprocessing = 0;
		};
		6D21BEC123CC3F2F00526DAF /* Frameworks */ = {
			isa = PBXFrameworksBuildPhase;
			buildActionMask = 2147483647;
			files = (
			);
			runOnlyForDeploymentPostprocessing = 0;
		};
		6D21BED323CC3F6500526DAF /* Frameworks */ = {
			isa = PBXFrameworksBuildPhase;
			buildActionMask = 2147483647;
			files = (
			);
			runOnlyForDeploymentPostprocessing = 0;
		};
		6D36849823BF82A600492195 /* Frameworks */ = {
			isa = PBXFrameworksBuildPhase;
			buildActionMask = 2147483647;
			files = (
			);
			runOnlyForDeploymentPostprocessing = 0;
		};
		6D3684AC23BF844000492195 /* Frameworks */ = {
			isa = PBXFrameworksBuildPhase;
			buildActionMask = 2147483647;
			files = (
				6D3684B423BF844000492195 /* SwiftWings.framework in Frameworks */,
			);
			runOnlyForDeploymentPostprocessing = 0;
		};
/* End PBXFrameworksBuildPhase section */

/* Begin PBXGroup section */
		1F35B19525A558140080C880 /* NSNumber */ = {
			isa = PBXGroup;
			children = (
				1F35B19625A5583E0080C880 /* NSNumber+Display.swift */,
			);
			path = NSNumber;
			sourceTree = "<group>";
		};
		6D26182623CD578D004BE3B8 /* Date */ = {
			isa = PBXGroup;
			children = (
				6D26182723CD57A3004BE3B8 /* Date+Extensions.swift */,
				1FFC8D4C2608F50C00F78E19 /* Date+Components.swift */,
			);
			path = Date;
			sourceTree = "<group>";
		};
		6D26182B23CD57CF004BE3B8 /* Date */ = {
			isa = PBXGroup;
			children = (
				6D26182C23CD57ED004BE3B8 /* Date+ExtensionsTests.swift */,
				1FC11D7A267C4C54001D0AE4 /* Date+ComponentsTests.swift */,
			);
			path = Date;
			sourceTree = "<group>";
		};
		6D34CB7B23D5340A005F1731 /* Array */ = {
			isa = PBXGroup;
			children = (
				6D34CB7C23D5341A005F1731 /* Array+SubscriptTests.swift */,
				6D34CB9823D56542005F1731 /* Array+DataTests.swift */,
			);
			path = Array;
			sourceTree = "<group>";
		};
		6D34CB7E23D5378B005F1731 /* Optional */ = {
			isa = PBXGroup;
			children = (
				6D34CB7F23D537D4005F1731 /* Optional+TransformTests.swift */,
			);
			path = Optional;
			sourceTree = "<group>";
		};
		6D34CB8523D5522C005F1731 /* Codable */ = {
			isa = PBXGroup;
			children = (
				6D34CB8623D55237005F1731 /* Codable+JSON.swift */,
			);
			path = Codable;
			sourceTree = "<group>";
		};
		6D34CB8823D55281005F1731 /* Double */ = {
			isa = PBXGroup;
			children = (
				6DC880B525008E410075F895 /* Double+Extensions.swift */,
				6DBD6AB12431C52000ADF258 /* Double+ChineseCurrency.swift */,
			);
			path = Double;
			sourceTree = "<group>";
		};
		6D34CB8B23D5545B005F1731 /* Codable */ = {
			isa = PBXGroup;
			children = (
				6D34CB8C23D5546F005F1731 /* Codable+JSONTests.swift */,
			);
			path = Codable;
			sourceTree = "<group>";
		};
		6D34CB8E23D5548A005F1731 /* Models */ = {
			isa = PBXGroup;
			children = (
				6D34CB9123D55503005F1731 /* CodableModel.swift */,
			);
			path = Models;
			sourceTree = "<group>";
		};
		6D34CB9523D55E3C005F1731 /* Double */ = {
			isa = PBXGroup;
			children = (
				6DBD6AB32431C5DC00ADF258 /* Double_ChineseMoneyTests.swift */,
				6D4B9C8D251DE5250021AE78 /* Double+ExtensionsTests.swift */,
			);
			path = Double;
			sourceTree = "<group>";
		};
		6D36849123BF82A600492195 = {
			isa = PBXGroup;
			children = (
				6D36849D23BF82A600492195 /* Sources */,
				6D3684B023BF844000492195 /* Tests */,
				6D36849C23BF82A600492195 /* Products */,
			);
			indentWidth = 2;
			sourceTree = "<group>";
			tabWidth = 2;
		};
		6D36849C23BF82A600492195 /* Products */ = {
			isa = PBXGroup;
			children = (
				6D36849B23BF82A600492195 /* SwiftWings.framework */,
				6D3684AF23BF844000492195 /* SwiftWingsTests.xctest */,
				6D21BEC623CC3F2F00526DAF /* SwiftWings.framework */,
				6D21BED823CC3F6500526DAF /* SwiftWings.framework */,
				1FAA86F1257C450200931FB9 /* SwiftWings macOS.framework */,
			);
			name = Products;
			sourceTree = "<group>";
		};
		6D36849D23BF82A600492195 /* Sources */ = {
			isa = PBXGroup;
			children = (
				6D3684A723BF830900492195 /* Extensions */,
				6D36849E23BF82A600492195 /* SwiftWings.h */,
				6D36849F23BF82A600492195 /* Info.plist */,
			);
			path = Sources;
			sourceTree = "<group>";
		};
		6D3684A723BF830900492195 /* Extensions */ = {
			isa = PBXGroup;
			children = (
				6D3684A823BF831800492195 /* Foundation */,
			);
			path = Extensions;
			sourceTree = "<group>";
		};
		6D3684A823BF831800492195 /* Foundation */ = {
			isa = PBXGroup;
			children = (
				1F35B19525A558140080C880 /* NSNumber */,
				6DC880BB250090430075F895 /* Bundle */,
				6DB380A6240A106400477692 /* Range */,
				6DB380A0240A0D9200477692 /* Sequence */,
				6D34CB8523D5522C005F1731 /* Codable */,
				6DD1507323D44A5200AE8DD7 /* Array */,
				6DE8438423C55EC800CF59B9 /* Data */,
				6D26182623CD578D004BE3B8 /* Date */,
				6DE8438123C55E9100CF59B9 /* Int */,
				6D34CB8823D55281005F1731 /* Double */,
				6D8AF58623CC71C600A6D6FA /* Mirror */,
				6D3684BD23BF8C2D00492195 /* NSObject */,
				6DD1507823D44C6E00AE8DD7 /* Optional */,
				6D3684BE23BF8C3800492195 /* String */,
			);
			path = Foundation;
			sourceTree = "<group>";
		};
		6D3684B023BF844000492195 /* Tests */ = {
			isa = PBXGroup;
			children = (
				6DE8439123C56A6100CF59B9 /* TestTypes */,
				6D3684BA23BF847D00492195 /* Extensions */,
				6DE8438C23C569C700CF59B9 /* Data */,
				6D3684B323BF844000492195 /* Info.plist */,
			);
			path = Tests;
			sourceTree = "<group>";
		};
		6D3684BA23BF847D00492195 /* Extensions */ = {
			isa = PBXGroup;
			children = (
				6D4B9C93251DE6720021AE78 /* Bundle */,
				6DB380A3240A0E3F00477692 /* Sequence */,
				6D34CB9523D55E3C005F1731 /* Double */,
				6D34CB8B23D5545B005F1731 /* Codable */,
				6D34CB7B23D5340A005F1731 /* Array */,
				6DE8438923C564DC00CF59B9 /* Data */,
				6D26182B23CD57CF004BE3B8 /* Date */,
				6DE8439523C56C5F00CF59B9 /* Int */,
				6D8F2C3923CD8AE50047B422 /* Mirror */,
				6D3684C123BF8C7B00492195 /* NSObject */,
				6D34CB7E23D5378B005F1731 /* Optional */,
				6D3684C223BF8C8400492195 /* String */,
			);
			path = Extensions;
			sourceTree = "<group>";
		};
		6D3684BD23BF8C2D00492195 /* NSObject */ = {
			isa = PBXGroup;
			children = (
				6D3684A923BF834B00492195 /* NSObject+Name.swift */,
			);
			path = NSObject;
			sourceTree = "<group>";
		};
		6D3684BE23BF8C3800492195 /* String */ = {
			isa = PBXGroup;
			children = (
				6DC880B925008EBA0075F895 /* String+Extensions.swift */,
				6D0FD5D723D696F7009BC878 /* String+Emoji.swift */,
				6D21BE6923C57D5D00526DAF /* String+Subscript.swift */,
				6D79FFD023C3218B00C163FC /* String+Validation.swift */,
				6DE8437D23C53C1A00CF59B9 /* String+MD5.swift */,
				6D42BC8A23CEF8FF00C204F9 /* String+Modify.swift */,
				6DB380C3240A175A00477692 /* String+File.swift */,
			);
			path = String;
			sourceTree = "<group>";
		};
		6D3684C123BF8C7B00492195 /* NSObject */ = {
			isa = PBXGroup;
			children = (
				6D3684BB23BF849900492195 /* NSObject+NameTests.swift */,
			);
			path = NSObject;
			sourceTree = "<group>";
		};
		6D3684C223BF8C8400492195 /* String */ = {
			isa = PBXGroup;
			children = (
				6D4F1E732514AFA50082829F /* String+ExtensionsTests.swift */,
				6D21BE6723C57D4F00526DAF /* String+SubscriptTests.swift */,
				6D79FFD323C3247A00C163FC /* String+ValidationTests.swift */,
				6DE8437F23C53C9B00CF59B9 /* String+MD5Tests.swift */,
				6D42BC8C23CEFD5D00C204F9 /* String+ModifyTests.swift */,
				6D11861A23E0023100726870 /* String+EmojiTests.swift */,
			);
			path = String;
			sourceTree = "<group>";
		};
		6D4B9C93251DE6720021AE78 /* Bundle */ = {
			isa = PBXGroup;
			children = (
				6D4B9C94251DE6830021AE78 /* Bundle+ExtensionsTests.swift */,
			);
			path = Bundle;
			sourceTree = "<group>";
		};
		6D8AF58623CC71C600A6D6FA /* Mirror */ = {
			isa = PBXGroup;
			children = (
				6D8AF58723CC71DD00A6D6FA /* Mirror+Reflection.swift */,
			);
			path = Mirror;
			sourceTree = "<group>";
		};
		6D8F2C3923CD8AE50047B422 /* Mirror */ = {
			isa = PBXGroup;
			children = (
				6D8F2C3A23CD8B020047B422 /* Mirror+ReflectionTests.swift */,
			);
			path = Mirror;
			sourceTree = "<group>";
		};
		6DB380A0240A0D9200477692 /* Sequence */ = {
			isa = PBXGroup;
			children = (
				6DB380A1240A0DA800477692 /* Sequence+Extensions.swift */,
			);
			path = Sequence;
			sourceTree = "<group>";
		};
		6DB380A3240A0E3F00477692 /* Sequence */ = {
			isa = PBXGroup;
			children = (
				6DB380A4240A0E6900477692 /* Sequence+ExtensionsTests.swift */,
			);
			path = Sequence;
			sourceTree = "<group>";
		};
		6DB380A6240A106400477692 /* Range */ = {
			isa = PBXGroup;
			children = (
				6DB380A7240A10B000477692 /* Range+Extensions.swift */,
			);
			path = Range;
			sourceTree = "<group>";
		};
		6DC880BB250090430075F895 /* Bundle */ = {
			isa = PBXGroup;
			children = (
				6DC880BC2500904F0075F895 /* Bundle+Extensions.swift */,
			);
			path = Bundle;
			sourceTree = "<group>";
		};
		6DD1507323D44A5200AE8DD7 /* Array */ = {
			isa = PBXGroup;
			children = (
				6DD1507423D44A6000AE8DD7 /* Array+Subscript.swift */,
				6D34CB8123D551BE005F1731 /* Array+Data.swift */,
			);
			path = Array;
			sourceTree = "<group>";
		};
		6DD1507823D44C6E00AE8DD7 /* Optional */ = {
			isa = PBXGroup;
			children = (
				6DD1507923D44C8700AE8DD7 /* Optional+Transform.swift */,
			);
			path = Optional;
			sourceTree = "<group>";
		};
		6DE8438123C55E9100CF59B9 /* Int */ = {
			isa = PBXGroup;
			children = (
				6DE8438223C55EAA00CF59B9 /* Int+Extensions.swift */,
				6DBD6AB62431DE2C00ADF258 /* Int+ChineseCurrency.swift */,
			);
			path = Int;
			sourceTree = "<group>";
		};
		6DE8438423C55EC800CF59B9 /* Data */ = {
			isa = PBXGroup;
			children = (
				6DE8438523C55ED100CF59B9 /* Data+Extensions.swift */,
				6DE8438723C5603200CF59B9 /* Data+MimeType.swift */,
				6D21BEA123C84A9600526DAF /* MimeType.swift */,
				6D34CB8323D551F8005F1731 /* Data+PrettyJSON.swift */,
			);
			path = Data;
			sourceTree = "<group>";
		};
		6DE8438923C564DC00CF59B9 /* Data */ = {
			isa = PBXGroup;
			children = (
				6DE8438A23C564E900CF59B9 /* Data+MimeTypeTests.swift */,
				6DE8439823C56EC800CF59B9 /* AudioMimeTypeTests.swift */,
				6DE8439A23C56ED200CF59B9 /* MimeTypeTests.swift */,
				6D34CB9323D55E26005F1731 /* Data+PrettyJSONTests.swift */,
			);
			path = Data;
			sourceTree = "<group>";
		};
		6DE8438C23C569C700CF59B9 /* Data */ = {
			isa = PBXGroup;
			children = (
				6D21BE9D23C83FCD00526DAF /* midFile.mid */,
				6D21BE9B23C83DF900526DAF /* m4aFile.m4a */,
				6D21BE9923C83D8800526DAF /* opusFile.opus */,
				6D21BE9723C83CC000526DAF /* icoFile.ico */,
				6D21BE9523C8353C00526DAF /* bmpFile.bmp */,
				6D21BE9323C82CCD00526DAF /* sqliteFile.sqlite */,
				6D21BE9123C82C3500526DAF /* bz2File.bz2 */,
				6D21BE8F23C82BE600526DAF /* gzFile.gz */,
				6D21BE8D23C82B5B00526DAF /* tarFile.tar */,
				6D21BE8B23C828D300526DAF /* rarFile.rar */,
				6D21BE8723C81D5B00526DAF /* psdFile.psd */,
				6D21BE8523C81CD600526DAF /* gifFile.gif */,
				6D21BE8323C81A3A00526DAF /* webpFile.webp */,
				6D21BE8123C819D100526DAF /* tiffFile.tiff */,
				6D21BE7F23C8110F00526DAF /* jpegFile.jpeg */,
				6D21BE7D23C810BB00526DAF /* jpgFile.jpg */,
				6D21BE7923C804EB00526DAF /* mp3File.mp3 */,
				6D21BE7723C758FF00526DAF /* oggFile.ogg */,
				6D21BE7523C7585800526DAF /* flacFile.flac */,
				6D21BE6E23C73E1D00526DAF /* pngFile.png */,
				6DE8438D23C569D300CF59B9 /* amrFile.amr */,
				6DE8438E23C569D300CF59B9 /* wavFile.wav */,
			);
			path = Data;
			sourceTree = "<group>";
		};
		6DE8439123C56A6100CF59B9 /* TestTypes */ = {
			isa = PBXGroup;
			children = (
				6D34CB8E23D5548A005F1731 /* Models */,
				6DE8439223C56A6800CF59B9 /* Extensions */,
			);
			path = TestTypes;
			sourceTree = "<group>";
		};
		6DE8439223C56A6800CF59B9 /* Extensions */ = {
			isa = PBXGroup;
			children = (
				6DE8439323C56A7700CF59B9 /* Data+File.swift */,
			);
			path = Extensions;
			sourceTree = "<group>";
		};
		6DE8439523C56C5F00CF59B9 /* Int */ = {
			isa = PBXGroup;
			children = (
				6DE8439623C56C6F00CF59B9 /* Int+ExtensionsTests.swift */,
				6DBD6AB82431DE6100ADF258 /* Int+ChineseCurrencyTests.swift */,
			);
			path = Int;
			sourceTree = "<group>";
		};
/* End PBXGroup section */

/* Begin PBXHeadersBuildPhase section */
		1FAA86D0257C450200931FB9 /* Headers */ = {
			isa = PBXHeadersBuildPhase;
			buildActionMask = 2147483647;
			files = (
				1FAA86D1257C450200931FB9 /* SwiftWings.h in Headers */,
			);
			runOnlyForDeploymentPostprocessing = 0;
		};
		6D21BEB723CC3F2F00526DAF /* Headers */ = {
			isa = PBXHeadersBuildPhase;
			buildActionMask = 2147483647;
			files = (
				6D21BEB823CC3F2F00526DAF /* SwiftWings.h in Headers */,
			);
			runOnlyForDeploymentPostprocessing = 0;
		};
		6D21BEC923CC3F6500526DAF /* Headers */ = {
			isa = PBXHeadersBuildPhase;
			buildActionMask = 2147483647;
			files = (
				6D21BECA23CC3F6500526DAF /* SwiftWings.h in Headers */,
			);
			runOnlyForDeploymentPostprocessing = 0;
		};
		6D36849623BF82A600492195 /* Headers */ = {
			isa = PBXHeadersBuildPhase;
			buildActionMask = 2147483647;
			files = (
				6D3684A023BF82A600492195 /* SwiftWings.h in Headers */,
			);
			runOnlyForDeploymentPostprocessing = 0;
		};
/* End PBXHeadersBuildPhase section */

/* Begin PBXNativeTarget section */
		1FAA86CF257C450200931FB9 /* SwiftWings macOS */ = {
			isa = PBXNativeTarget;
			buildConfigurationList = 1FAA86EE257C450200931FB9 /* Build configuration list for PBXNativeTarget "SwiftWings macOS" */;
			buildPhases = (
				1FAA86D0257C450200931FB9 /* Headers */,
				1FAA86D2257C450200931FB9 /* Sources */,
				1FAA86EC257C450200931FB9 /* Frameworks */,
				1FAA86ED257C450200931FB9 /* Resources */,
			);
			buildRules = (
			);
			dependencies = (
			);
			name = "SwiftWings macOS";
			productName = SwiftWings;
			productReference = 1FAA86F1257C450200931FB9 /* SwiftWings macOS.framework */;
			productType = "com.apple.product-type.framework";
		};
		6D21BEB623CC3F2F00526DAF /* SwiftWings watchOS */ = {
			isa = PBXNativeTarget;
			buildConfigurationList = 6D21BEC323CC3F2F00526DAF /* Build configuration list for PBXNativeTarget "SwiftWings watchOS" */;
			buildPhases = (
				6D21BEB723CC3F2F00526DAF /* Headers */,
				6D21BEB923CC3F2F00526DAF /* Sources */,
				6D21BEC123CC3F2F00526DAF /* Frameworks */,
				6D21BEC223CC3F2F00526DAF /* Resources */,
			);
			buildRules = (
			);
			dependencies = (
			);
			name = "SwiftWings watchOS";
			productName = SwiftWings;
			productReference = 6D21BEC623CC3F2F00526DAF /* SwiftWings.framework */;
			productType = "com.apple.product-type.framework";
		};
		6D21BEC823CC3F6500526DAF /* SwiftWings tvOS */ = {
			isa = PBXNativeTarget;
			buildConfigurationList = 6D21BED523CC3F6500526DAF /* Build configuration list for PBXNativeTarget "SwiftWings tvOS" */;
			buildPhases = (
				6D21BEC923CC3F6500526DAF /* Headers */,
				6D21BECB23CC3F6500526DAF /* Sources */,
				6D21BED323CC3F6500526DAF /* Frameworks */,
				6D21BED423CC3F6500526DAF /* Resources */,
			);
			buildRules = (
			);
			dependencies = (
			);
			name = "SwiftWings tvOS";
			productName = SwiftWings;
			productReference = 6D21BED823CC3F6500526DAF /* SwiftWings.framework */;
			productType = "com.apple.product-type.framework";
		};
		6D36849A23BF82A600492195 /* SwiftWings */ = {
			isa = PBXNativeTarget;
			buildConfigurationList = 6D3684A323BF82A600492195 /* Build configuration list for PBXNativeTarget "SwiftWings" */;
			buildPhases = (
				6D36849623BF82A600492195 /* Headers */,
				6D36849723BF82A600492195 /* Sources */,
				6D36849823BF82A600492195 /* Frameworks */,
				6D36849923BF82A600492195 /* Resources */,
			);
			buildRules = (
			);
			dependencies = (
			);
			name = SwiftWings;
			productName = SwiftWings;
			productReference = 6D36849B23BF82A600492195 /* SwiftWings.framework */;
			productType = "com.apple.product-type.framework";
		};
		6D3684AE23BF844000492195 /* SwiftWingsTests */ = {
			isa = PBXNativeTarget;
			buildConfigurationList = 6D3684B723BF844000492195 /* Build configuration list for PBXNativeTarget "SwiftWingsTests" */;
			buildPhases = (
				6D3684AB23BF844000492195 /* Sources */,
				6D3684AC23BF844000492195 /* Frameworks */,
				6D3684AD23BF844000492195 /* Resources */,
			);
			buildRules = (
			);
			dependencies = (
				6D3684B623BF844000492195 /* PBXTargetDependency */,
			);
			name = SwiftWingsTests;
			productName = SwiftWingsTests;
			productReference = 6D3684AF23BF844000492195 /* SwiftWingsTests.xctest */;
			productType = "com.apple.product-type.bundle.unit-test";
		};
/* End PBXNativeTarget section */

/* Begin PBXProject section */
		6D36849223BF82A600492195 /* Project object */ = {
			isa = PBXProject;
			attributes = {
				LastSwiftUpdateCheck = 1130;
				LastUpgradeCheck = 1220;
				ORGANIZATIONNAME = Leacode;
				TargetAttributes = {
					6D36849A23BF82A600492195 = {
						CreatedOnToolsVersion = 11.3;
						LastSwiftMigration = 1130;
					};
					6D3684AE23BF844000492195 = {
						CreatedOnToolsVersion = 11.3;
					};
				};
			};
			buildConfigurationList = 6D36849523BF82A600492195 /* Build configuration list for PBXProject "SwiftWings" */;
			compatibilityVersion = "Xcode 9.3";
			developmentRegion = en;
			hasScannedForEncodings = 0;
			knownRegions = (
				en,
				Base,
			);
			mainGroup = 6D36849123BF82A600492195;
			productRefGroup = 6D36849C23BF82A600492195 /* Products */;
			projectDirPath = "";
			projectRoot = "";
			targets = (
				6D36849A23BF82A600492195 /* SwiftWings */,
				6D21BEB623CC3F2F00526DAF /* SwiftWings watchOS */,
				6D21BEC823CC3F6500526DAF /* SwiftWings tvOS */,
				1FAA86CF257C450200931FB9 /* SwiftWings macOS */,
				6D3684AE23BF844000492195 /* SwiftWingsTests */,
			);
		};
/* End PBXProject section */

/* Begin PBXResourcesBuildPhase section */
		1FAA86ED257C450200931FB9 /* Resources */ = {
			isa = PBXResourcesBuildPhase;
			buildActionMask = 2147483647;
			files = (
			);
			runOnlyForDeploymentPostprocessing = 0;
		};
		6D21BEC223CC3F2F00526DAF /* Resources */ = {
			isa = PBXResourcesBuildPhase;
			buildActionMask = 2147483647;
			files = (
			);
			runOnlyForDeploymentPostprocessing = 0;
		};
		6D21BED423CC3F6500526DAF /* Resources */ = {
			isa = PBXResourcesBuildPhase;
			buildActionMask = 2147483647;
			files = (
			);
			runOnlyForDeploymentPostprocessing = 0;
		};
		6D36849923BF82A600492195 /* Resources */ = {
			isa = PBXResourcesBuildPhase;
			buildActionMask = 2147483647;
			files = (
			);
			runOnlyForDeploymentPostprocessing = 0;
		};
		6D3684AD23BF844000492195 /* Resources */ = {
			isa = PBXResourcesBuildPhase;
			buildActionMask = 2147483647;
			files = (
				6D21BE8823C81D5B00526DAF /* psdFile.psd in Resources */,
				6D21BE7823C758FF00526DAF /* oggFile.ogg in Resources */,
				6D21BE9E23C83FCD00526DAF /* midFile.mid in Resources */,
				6D21BE8023C8111000526DAF /* jpegFile.jpeg in Resources */,
				6D21BE9823C83CC000526DAF /* icoFile.ico in Resources */,
				6DE8438F23C569D300CF59B9 /* amrFile.amr in Resources */,
				6D21BE8423C81A3A00526DAF /* webpFile.webp in Resources */,
				6D21BE8C23C828D400526DAF /* rarFile.rar in Resources */,
				6D21BE8E23C82B5B00526DAF /* tarFile.tar in Resources */,
				6D21BE9023C82BE600526DAF /* gzFile.gz in Resources */,
				6D21BE8223C819D100526DAF /* tiffFile.tiff in Resources */,
				6D21BE8623C81CD600526DAF /* gifFile.gif in Resources */,
				6D21BE9C23C83DF900526DAF /* m4aFile.m4a in Resources */,
				6DE8439023C569D300CF59B9 /* wavFile.wav in Resources */,
				6D21BE9623C8353C00526DAF /* bmpFile.bmp in Resources */,
				6D21BE7E23C810BB00526DAF /* jpgFile.jpg in Resources */,
				6D21BE9A23C83D8800526DAF /* opusFile.opus in Resources */,
				6D21BE9223C82C3500526DAF /* bz2File.bz2 in Resources */,
				6D21BE7023C73E6B00526DAF /* pngFile.png in Resources */,
				6D21BE7623C7585800526DAF /* flacFile.flac in Resources */,
				6D21BE9423C82CCD00526DAF /* sqliteFile.sqlite in Resources */,
				6D21BE7A23C804EB00526DAF /* mp3File.mp3 in Resources */,
			);
			runOnlyForDeploymentPostprocessing = 0;
		};
/* End PBXResourcesBuildPhase section */

/* Begin PBXSourcesBuildPhase section */
		1FAA86D2257C450200931FB9 /* Sources */ = {
			isa = PBXSourcesBuildPhase;
			buildActionMask = 2147483647;
			files = (
				1FAA86D3257C450200931FB9 /* String+Validation.swift in Sources */,
				1FAA86D4257C450200931FB9 /* String+MD5.swift in Sources */,
				1FAA86D5257C450200931FB9 /* Date+Extensions.swift in Sources */,
				1FAA86D6257C450200931FB9 /* String+Emoji.swift in Sources */,
				1FAA86D7257C450200931FB9 /* String+Extensions.swift in Sources */,
				1FAA86D8257C450200931FB9 /* Data+PrettyJSON.swift in Sources */,
				1FAA86D9257C450200931FB9 /* Bundle+Extensions.swift in Sources */,
				1FAA86DA257C450200931FB9 /* Data+Extensions.swift in Sources */,
				1FAA86DB257C450200931FB9 /* Mirror+Reflection.swift in Sources */,
				1FAA86DC257C450200931FB9 /* Codable+JSON.swift in Sources */,
				1FAA86DD257C450200931FB9 /* Sequence+Extensions.swift in Sources */,
				1FAA86DE257C450200931FB9 /* Double+ChineseCurrency.swift in Sources */,
				1FAA86DF257C450200931FB9 /* Array+Subscript.swift in Sources */,
				1FAA86E0257C450200931FB9 /* NSObject+Name.swift in Sources */,
				1FAA86E1257C450200931FB9 /* MimeType.swift in Sources */,
				1FAA86E2257C450200931FB9 /* Optional+Transform.swift in Sources */,
				1FAA86E3257C450200931FB9 /* String+Modify.swift in Sources */,
				1FAA86E4257C450200931FB9 /* String+File.swift in Sources */,
				1FAA86E5257C450200931FB9 /* Data+MimeType.swift in Sources */,
				1FFC8D502608F50C00F78E19 /* Date+Components.swift in Sources */,
				1FAA86E6257C450200931FB9 /* Array+Data.swift in Sources */,
				1FAA86E7257C450200931FB9 /* Int+ChineseCurrency.swift in Sources */,
				1FAA86E8257C450200931FB9 /* String+Subscript.swift in Sources */,
				1FAA86E9257C450200931FB9 /* Double+Extensions.swift in Sources */,
				1FAA86EA257C450200931FB9 /* Int+Extensions.swift in Sources */,
				1FAA86EB257C450200931FB9 /* Range+Extensions.swift in Sources */,
				1FC11D80267C7101001D0AE4 /* NSNumber+Display.swift in Sources */,
			);
			runOnlyForDeploymentPostprocessing = 0;
		};
		6D21BEB923CC3F2F00526DAF /* Sources */ = {
			isa = PBXSourcesBuildPhase;
			buildActionMask = 2147483647;
			files = (
				6DB380BD240A10D600477692 /* Optional+Transform.swift in Sources */,
				6DBD6ABA2431F38600ADF258 /* Int+ChineseCurrency.swift in Sources */,
				6DB380B9240A10C700477692 /* Data+PrettyJSON.swift in Sources */,
				1FC11D7C267C70FD001D0AE4 /* Bundle+Extensions.swift in Sources */,
				6D21BEBA23CC3F2F00526DAF /* String+Validation.swift in Sources */,
				6D4F1E6D2514A1B20082829F /* String+Extensions.swift in Sources */,
				6DB380C1240A10DB00477692 /* String+Emoji.swift in Sources */,
				6DB380B8240A10C700477692 /* MimeType.swift in Sources */,
				6DB380BB240A10D000477692 /* Mirror+Reflection.swift in Sources */,
				6D26182923CD57A3004BE3B8 /* Date+Extensions.swift in Sources */,
				6DB380AB240A10B600477692 /* Sequence+Extensions.swift in Sources */,
				6D21BEBB23CC3F2F00526DAF /* String+MD5.swift in Sources */,
				6DB380AD240A10BA00477692 /* Codable+JSON.swift in Sources */,
				6DB380C2240A10DB00477692 /* String+Modify.swift in Sources */,
				6DB380AF240A10BF00477692 /* Array+Subscript.swift in Sources */,
				6D21BEBC23CC3F2F00526DAF /* Data+Extensions.swift in Sources */,
				1FFC8D4E2608F50C00F78E19 /* Date+Components.swift in Sources */,
				6D21BEBD23CC3F2F00526DAF /* NSObject+Name.swift in Sources */,
				6DB380C5240A175A00477692 /* String+File.swift in Sources */,
				6D21BEBE23CC3F2F00526DAF /* Data+MimeType.swift in Sources */,
				6D21BEBF23CC3F2F00526DAF /* String+Subscript.swift in Sources */,
				6DB380B0240A10BF00477692 /* Array+Data.swift in Sources */,
				6D21BEC023CC3F2F00526DAF /* Int+Extensions.swift in Sources */,
				6DC880B725008E440075F895 /* Double+Extensions.swift in Sources */,
				6DB380A9240A10B000477692 /* Range+Extensions.swift in Sources */,
				6DBD6ABC2431F38900ADF258 /* Double+ChineseCurrency.swift in Sources */,
				1FC11D7E267C7100001D0AE4 /* NSNumber+Display.swift in Sources */,
			);
			runOnlyForDeploymentPostprocessing = 0;
		};
		6D21BECB23CC3F6500526DAF /* Sources */ = {
			isa = PBXSourcesBuildPhase;
			buildActionMask = 2147483647;
			files = (
				6DB380BE240A10D600477692 /* Optional+Transform.swift in Sources */,
				6DBD6ABB2431F38600ADF258 /* Int+ChineseCurrency.swift in Sources */,
				6DB380B7240A10C700477692 /* Data+PrettyJSON.swift in Sources */,
				1FC11D7D267C70FE001D0AE4 /* Bundle+Extensions.swift in Sources */,
				6D21BECC23CC3F6500526DAF /* String+Validation.swift in Sources */,
				6D4F1E6E2514A1B30082829F /* String+Extensions.swift in Sources */,
				6DB380BF240A10DB00477692 /* String+Emoji.swift in Sources */,
				6DB380B6240A10C700477692 /* MimeType.swift in Sources */,
				6DB380BC240A10D100477692 /* Mirror+Reflection.swift in Sources */,
				6D26182A23CD57A3004BE3B8 /* Date+Extensions.swift in Sources */,
				6DB380AC240A10B600477692 /* Sequence+Extensions.swift in Sources */,
				6D21BECD23CC3F6500526DAF /* String+MD5.swift in Sources */,
				6DB380AE240A10BB00477692 /* Codable+JSON.swift in Sources */,
				6DB380C0240A10DB00477692 /* String+Modify.swift in Sources */,
				6DB380B1240A10BF00477692 /* Array+Subscript.swift in Sources */,
				6D21BECE23CC3F6500526DAF /* Data+Extensions.swift in Sources */,
				1FFC8D4F2608F50C00F78E19 /* Date+Components.swift in Sources */,
				6D21BECF23CC3F6500526DAF /* NSObject+Name.swift in Sources */,
				6DB380C6240A175A00477692 /* String+File.swift in Sources */,
				6D21BED023CC3F6500526DAF /* Data+MimeType.swift in Sources */,
				6D21BED123CC3F6500526DAF /* String+Subscript.swift in Sources */,
				6DB380B2240A10BF00477692 /* Array+Data.swift in Sources */,
				6D21BED223CC3F6500526DAF /* Int+Extensions.swift in Sources */,
				6DC880B825008E450075F895 /* Double+Extensions.swift in Sources */,
				6DB380AA240A10B000477692 /* Range+Extensions.swift in Sources */,
				6DBD6ABD2431F38A00ADF258 /* Double+ChineseCurrency.swift in Sources */,
				1FC11D7F267C7101001D0AE4 /* NSNumber+Display.swift in Sources */,
			);
			runOnlyForDeploymentPostprocessing = 0;
		};
		6D36849723BF82A600492195 /* Sources */ = {
			isa = PBXSourcesBuildPhase;
			buildActionMask = 2147483647;
			files = (
				6D79FFD223C3246400C163FC /* String+Validation.swift in Sources */,
				6DE8437E23C53C1A00CF59B9 /* String+MD5.swift in Sources */,
				1FFC8D4D2608F50C00F78E19 /* Date+Components.swift in Sources */,
				6D26182823CD57A3004BE3B8 /* Date+Extensions.swift in Sources */,
				6D0FD5D823D696F7009BC878 /* String+Emoji.swift in Sources */,
				6DC880BA25008EBA0075F895 /* String+Extensions.swift in Sources */,
				6D34CB8423D551F8005F1731 /* Data+PrettyJSON.swift in Sources */,
				6DC880BD2500904F0075F895 /* Bundle+Extensions.swift in Sources */,
				6DE8438623C55ED100CF59B9 /* Data+Extensions.swift in Sources */,
				6D8AF58823CC71DD00A6D6FA /* Mirror+Reflection.swift in Sources */,
				6D34CB8723D55237005F1731 /* Codable+JSON.swift in Sources */,
				6DB380A2240A0DA800477692 /* Sequence+Extensions.swift in Sources */,
				6DBD6AB22431C52000ADF258 /* Double+ChineseCurrency.swift in Sources */,
				6DD1507523D44A6000AE8DD7 /* Array+Subscript.swift in Sources */,
				6D3684AA23BF834B00492195 /* NSObject+Name.swift in Sources */,
				6DB380BA240A10C800477692 /* MimeType.swift in Sources */,
				6DD1507A23D44C8700AE8DD7 /* Optional+Transform.swift in Sources */,
				6D42BC8B23CEF8FF00C204F9 /* String+Modify.swift in Sources */,
				6DB380C4240A175A00477692 /* String+File.swift in Sources */,
				6DE8438823C5603200CF59B9 /* Data+MimeType.swift in Sources */,
				1F35B19725A5583E0080C880 /* NSNumber+Display.swift in Sources */,
				6D34CB8223D551BE005F1731 /* Array+Data.swift in Sources */,
				6DBD6AB72431DE2C00ADF258 /* Int+ChineseCurrency.swift in Sources */,
				6D21BE6A23C57D5D00526DAF /* String+Subscript.swift in Sources */,
				6DC880B625008E410075F895 /* Double+Extensions.swift in Sources */,
				6DE8438323C55EAA00CF59B9 /* Int+Extensions.swift in Sources */,
				6DB380A8240A10B000477692 /* Range+Extensions.swift in Sources */,
			);
			runOnlyForDeploymentPostprocessing = 0;
		};
		6D3684AB23BF844000492195 /* Sources */ = {
			isa = PBXSourcesBuildPhase;
			buildActionMask = 2147483647;
			files = (
				6D4B9C95251DE6830021AE78 /* Bundle+ExtensionsTests.swift in Sources */,
				6D34CB7D23D5341A005F1731 /* Array+SubscriptTests.swift in Sources */,
				6D42BC8D23CEFD5D00C204F9 /* String+ModifyTests.swift in Sources */,
				6D34CB9223D55503005F1731 /* CodableModel.swift in Sources */,
				6D34CB9923D56542005F1731 /* Array+DataTests.swift in Sources */,
				6DE8438B23C564E900CF59B9 /* Data+MimeTypeTests.swift in Sources */,
				6DE8439723C56C6F00CF59B9 /* Int+ExtensionsTests.swift in Sources */,
				6D34CB8D23D5546F005F1731 /* Codable+JSONTests.swift in Sources */,
				6D26182D23CD57ED004BE3B8 /* Date+ExtensionsTests.swift in Sources */,
				6DE8439923C56EC800CF59B9 /* AudioMimeTypeTests.swift in Sources */,
				6DB380A5240A0E6900477692 /* Sequence+ExtensionsTests.swift in Sources */,
				1FC11D7B267C4C54001D0AE4 /* Date+ComponentsTests.swift in Sources */,
				6D34CB8023D537D4005F1731 /* Optional+TransformTests.swift in Sources */,
				6D79FFD423C3247A00C163FC /* String+ValidationTests.swift in Sources */,
				6D34CB9423D55E26005F1731 /* Data+PrettyJSONTests.swift in Sources */,
				6D3684BC23BF849900492195 /* NSObject+NameTests.swift in Sources */,
				6D4F1E742514AFA50082829F /* String+ExtensionsTests.swift in Sources */,
				6DE8438023C53C9B00CF59B9 /* String+MD5Tests.swift in Sources */,
				6D4B9C8E251DE5250021AE78 /* Double+ExtensionsTests.swift in Sources */,
				6DE8439B23C56ED200CF59B9 /* MimeTypeTests.swift in Sources */,
				6DBD6AB52431C61B00ADF258 /* Double_ChineseMoneyTests.swift in Sources */,
				6DE8439423C56A7700CF59B9 /* Data+File.swift in Sources */,
				6D21BE6823C57D4F00526DAF /* String+SubscriptTests.swift in Sources */,
				6D8F2C3B23CD8B020047B422 /* Mirror+ReflectionTests.swift in Sources */,
				6DBD6AB92431DE6100ADF258 /* Int+ChineseCurrencyTests.swift in Sources */,
				6D11861B23E0023100726870 /* String+EmojiTests.swift in Sources */,
			);
			runOnlyForDeploymentPostprocessing = 0;
		};
/* End PBXSourcesBuildPhase section */

/* Begin PBXTargetDependency section */
		6D3684B623BF844000492195 /* PBXTargetDependency */ = {
			isa = PBXTargetDependency;
			target = 6D36849A23BF82A600492195 /* SwiftWings */;
			targetProxy = 6D3684B523BF844000492195 /* PBXContainerItemProxy */;
		};
/* End PBXTargetDependency section */

/* Begin XCBuildConfiguration section */
		1FAA86EF257C450200931FB9 /* Debug */ = {
			isa = XCBuildConfiguration;
			buildSettings = {
				APPLICATION_EXTENSION_API_ONLY = YES;
				CLANG_ENABLE_MODULES = YES;
				CODE_SIGN_STYLE = Automatic;
				CURRENT_PROJECT_VERSION = 0;
				DEFINES_MODULE = YES;
				DYLIB_COMPATIBILITY_VERSION = 1;
				DYLIB_CURRENT_VERSION = 1;
				DYLIB_INSTALL_NAME_BASE = "@rpath";
				INFOPLIST_FILE = Sources/Info.plist;
				INSTALL_PATH = "$(LOCAL_LIBRARY_DIR)/Frameworks";
				IPHONEOS_DEPLOYMENT_TARGET = 12.0;
				"IPHONEOS_DEPLOYMENT_TARGET[sdk=macosx*]" = 14.2;
				LD_RUNPATH_SEARCH_PATHS = (
					"$(inherited)",
					"@executable_path/Frameworks",
					"@loader_path/Frameworks",
				);
				MACOSX_DEPLOYMENT_TARGET = 10.11;
				MARKETING_VERSION = 1.7;
				PRODUCT_BUNDLE_IDENTIFIER = dev.leacode.SwiftWings;
				PRODUCT_NAME = "$(TARGET_NAME)";
				SDKROOT = macosx;
				SKIP_INSTALL = YES;
				SUPPORTS_MACCATALYST = YES;
				SUPPORTS_MAC_DESIGNED_FOR_IPHONE_IPAD = YES;
				SWIFT_OPTIMIZATION_LEVEL = "-Onone";
				SWIFT_VERSION = 5.0;
				TARGETED_DEVICE_FAMILY = "1,2,6";
			};
			name = Debug;
		};
		1FAA86F0257C450200931FB9 /* Release */ = {
			isa = XCBuildConfiguration;
			buildSettings = {
				APPLICATION_EXTENSION_API_ONLY = YES;
				CLANG_ENABLE_MODULES = YES;
				CODE_SIGN_STYLE = Automatic;
				CURRENT_PROJECT_VERSION = 0;
				DEFINES_MODULE = YES;
				DYLIB_COMPATIBILITY_VERSION = 1;
				DYLIB_CURRENT_VERSION = 1;
				DYLIB_INSTALL_NAME_BASE = "@rpath";
				INFOPLIST_FILE = Sources/Info.plist;
				INSTALL_PATH = "$(LOCAL_LIBRARY_DIR)/Frameworks";
				IPHONEOS_DEPLOYMENT_TARGET = 12.0;
				"IPHONEOS_DEPLOYMENT_TARGET[sdk=macosx*]" = 14.2;
				LD_RUNPATH_SEARCH_PATHS = (
					"$(inherited)",
					"@executable_path/Frameworks",
					"@loader_path/Frameworks",
				);
				MACOSX_DEPLOYMENT_TARGET = 10.11;
				MARKETING_VERSION = 1.7;
				PRODUCT_BUNDLE_IDENTIFIER = dev.leacode.SwiftWings;
				PRODUCT_NAME = "$(TARGET_NAME)";
				SDKROOT = macosx;
				SKIP_INSTALL = YES;
				SUPPORTS_MACCATALYST = YES;
				SUPPORTS_MAC_DESIGNED_FOR_IPHONE_IPAD = YES;
				SWIFT_VERSION = 5.0;
				TARGETED_DEVICE_FAMILY = "1,2,6";
			};
			name = Release;
		};
		6D21BEC423CC3F2F00526DAF /* Debug */ = {
			isa = XCBuildConfiguration;
			buildSettings = {
				APPLICATION_EXTENSION_API_ONLY = YES;
				CLANG_ENABLE_MODULES = YES;
				CODE_SIGN_STYLE = Automatic;
				CURRENT_PROJECT_VERSION = 0;
				DEFINES_MODULE = YES;
				DYLIB_COMPATIBILITY_VERSION = 1;
				DYLIB_CURRENT_VERSION = 1;
				DYLIB_INSTALL_NAME_BASE = "@rpath";
				INFOPLIST_FILE = Sources/Info.plist;
				INSTALL_PATH = "$(LOCAL_LIBRARY_DIR)/Frameworks";
				IPHONEOS_DEPLOYMENT_TARGET = 12.0;
				LD_RUNPATH_SEARCH_PATHS = (
					"$(inherited)",
					"@executable_path/Frameworks",
					"@loader_path/Frameworks",
				);
				MARKETING_VERSION = 1.7;
				PRODUCT_BUNDLE_IDENTIFIER = dev.leacode.SwiftWings;
				PRODUCT_NAME = SwiftWings;
				SDKROOT = watchos;
				SKIP_INSTALL = YES;
				SWIFT_OPTIMIZATION_LEVEL = "-Onone";
				SWIFT_VERSION = 5.0;
				WATCHOS_DEPLOYMENT_TARGET = 2.0;
			};
			name = Debug;
		};
		6D21BEC523CC3F2F00526DAF /* Release */ = {
			isa = XCBuildConfiguration;
			buildSettings = {
				APPLICATION_EXTENSION_API_ONLY = YES;
				CLANG_ENABLE_MODULES = YES;
				CODE_SIGN_STYLE = Automatic;
				CURRENT_PROJECT_VERSION = 0;
				DEFINES_MODULE = YES;
				DYLIB_COMPATIBILITY_VERSION = 1;
				DYLIB_CURRENT_VERSION = 1;
				DYLIB_INSTALL_NAME_BASE = "@rpath";
				INFOPLIST_FILE = Sources/Info.plist;
				INSTALL_PATH = "$(LOCAL_LIBRARY_DIR)/Frameworks";
				IPHONEOS_DEPLOYMENT_TARGET = 12.0;
				LD_RUNPATH_SEARCH_PATHS = (
					"$(inherited)",
					"@executable_path/Frameworks",
					"@loader_path/Frameworks",
				);
				MARKETING_VERSION = 1.7;
				PRODUCT_BUNDLE_IDENTIFIER = dev.leacode.SwiftWings;
				PRODUCT_NAME = SwiftWings;
				SDKROOT = watchos;
				SKIP_INSTALL = YES;
				SWIFT_VERSION = 5.0;
				WATCHOS_DEPLOYMENT_TARGET = 2.0;
			};
			name = Release;
		};
		6D21BED623CC3F6500526DAF /* Debug */ = {
			isa = XCBuildConfiguration;
			buildSettings = {
				APPLICATION_EXTENSION_API_ONLY = YES;
				CLANG_ENABLE_MODULES = YES;
				CODE_SIGN_STYLE = Automatic;
				CURRENT_PROJECT_VERSION = 0;
				DEFINES_MODULE = YES;
				DYLIB_COMPATIBILITY_VERSION = 1;
				DYLIB_CURRENT_VERSION = 1;
				DYLIB_INSTALL_NAME_BASE = "@rpath";
				INFOPLIST_FILE = Sources/Info.plist;
				INSTALL_PATH = "$(LOCAL_LIBRARY_DIR)/Frameworks";
				IPHONEOS_DEPLOYMENT_TARGET = 12.0;
				LD_RUNPATH_SEARCH_PATHS = (
					"$(inherited)",
					"@executable_path/Frameworks",
					"@loader_path/Frameworks",
				);
				MARKETING_VERSION = 1.7;
				PRODUCT_BUNDLE_IDENTIFIER = dev.leacode.SwiftWings;
				PRODUCT_NAME = SwiftWings;
				SDKROOT = appletvos;
				SKIP_INSTALL = YES;
				SWIFT_OPTIMIZATION_LEVEL = "-Onone";
				SWIFT_VERSION = 5.0;
				TVOS_DEPLOYMENT_TARGET = 9.0;
				WATCHOS_DEPLOYMENT_TARGET = 3.0;
			};
			name = Debug;
		};
		6D21BED723CC3F6500526DAF /* Release */ = {
			isa = XCBuildConfiguration;
			buildSettings = {
				APPLICATION_EXTENSION_API_ONLY = YES;
				CLANG_ENABLE_MODULES = YES;
				CODE_SIGN_STYLE = Automatic;
				CURRENT_PROJECT_VERSION = 0;
				DEFINES_MODULE = YES;
				DYLIB_COMPATIBILITY_VERSION = 1;
				DYLIB_CURRENT_VERSION = 1;
				DYLIB_INSTALL_NAME_BASE = "@rpath";
				INFOPLIST_FILE = Sources/Info.plist;
				INSTALL_PATH = "$(LOCAL_LIBRARY_DIR)/Frameworks";
				IPHONEOS_DEPLOYMENT_TARGET = 12.0;
				LD_RUNPATH_SEARCH_PATHS = (
					"$(inherited)",
					"@executable_path/Frameworks",
					"@loader_path/Frameworks",
				);
				MARKETING_VERSION = 1.7;
				PRODUCT_BUNDLE_IDENTIFIER = dev.leacode.SwiftWings;
				PRODUCT_NAME = SwiftWings;
				SDKROOT = appletvos;
				SKIP_INSTALL = YES;
				SWIFT_VERSION = 5.0;
				TVOS_DEPLOYMENT_TARGET = 9.0;
				WATCHOS_DEPLOYMENT_TARGET = 3.0;
			};
			name = Release;
		};
		6D3684A123BF82A600492195 /* Debug */ = {
			isa = XCBuildConfiguration;
			buildSettings = {
				ALWAYS_SEARCH_USER_PATHS = NO;
				CLANG_ANALYZER_NONNULL = YES;
				CLANG_ANALYZER_NUMBER_OBJECT_CONVERSION = YES_AGGRESSIVE;
				CLANG_CXX_LANGUAGE_STANDARD = "gnu++14";
				CLANG_CXX_LIBRARY = "libc++";
				CLANG_ENABLE_MODULES = YES;
				CLANG_ENABLE_OBJC_ARC = YES;
				CLANG_ENABLE_OBJC_WEAK = YES;
				CLANG_WARN_BLOCK_CAPTURE_AUTORELEASING = YES;
				CLANG_WARN_BOOL_CONVERSION = YES;
				CLANG_WARN_COMMA = YES;
				CLANG_WARN_CONSTANT_CONVERSION = YES;
				CLANG_WARN_DEPRECATED_OBJC_IMPLEMENTATIONS = YES;
				CLANG_WARN_DIRECT_OBJC_ISA_USAGE = YES_ERROR;
				CLANG_WARN_DOCUMENTATION_COMMENTS = YES;
				CLANG_WARN_EMPTY_BODY = YES;
				CLANG_WARN_ENUM_CONVERSION = YES;
				CLANG_WARN_INFINITE_RECURSION = YES;
				CLANG_WARN_INT_CONVERSION = YES;
				CLANG_WARN_NON_LITERAL_NULL_CONVERSION = YES;
				CLANG_WARN_OBJC_IMPLICIT_RETAIN_SELF = YES;
				CLANG_WARN_OBJC_LITERAL_CONVERSION = YES;
				CLANG_WARN_OBJC_ROOT_CLASS = YES_ERROR;
				CLANG_WARN_QUOTED_INCLUDE_IN_FRAMEWORK_HEADER = YES;
				CLANG_WARN_RANGE_LOOP_ANALYSIS = YES;
				CLANG_WARN_STRICT_PROTOTYPES = YES;
				CLANG_WARN_SUSPICIOUS_MOVE = YES;
				CLANG_WARN_UNGUARDED_AVAILABILITY = YES_AGGRESSIVE;
				CLANG_WARN_UNREACHABLE_CODE = YES;
				CLANG_WARN__DUPLICATE_METHOD_MATCH = YES;
				COPY_PHASE_STRIP = NO;
				CURRENT_PROJECT_VERSION = 1;
				DEBUG_INFORMATION_FORMAT = dwarf;
				ENABLE_STRICT_OBJC_MSGSEND = YES;
				ENABLE_TESTABILITY = YES;
				GCC_C_LANGUAGE_STANDARD = gnu11;
				GCC_DYNAMIC_NO_PIC = NO;
				GCC_NO_COMMON_BLOCKS = YES;
				GCC_OPTIMIZATION_LEVEL = 0;
				GCC_PREPROCESSOR_DEFINITIONS = (
					"DEBUG=1",
					"$(inherited)",
				);
				GCC_WARN_64_TO_32_BIT_CONVERSION = YES;
				GCC_WARN_ABOUT_RETURN_TYPE = YES_ERROR;
				GCC_WARN_UNDECLARED_SELECTOR = YES;
				GCC_WARN_UNINITIALIZED_AUTOS = YES_AGGRESSIVE;
				GCC_WARN_UNUSED_FUNCTION = YES;
				GCC_WARN_UNUSED_VARIABLE = YES;
				IPHONEOS_DEPLOYMENT_TARGET = 12.0;
				MTL_ENABLE_DEBUG_INFO = INCLUDE_SOURCE;
				MTL_FAST_MATH = YES;
				ONLY_ACTIVE_ARCH = YES;
				SDKROOT = iphoneos;
				SWIFT_ACTIVE_COMPILATION_CONDITIONS = DEBUG;
				SWIFT_OPTIMIZATION_LEVEL = "-Onone";
				VERSIONING_SYSTEM = "apple-generic";
				VERSION_INFO_PREFIX = "";
			};
			name = Debug;
		};
		6D3684A223BF82A600492195 /* Release */ = {
			isa = XCBuildConfiguration;
			buildSettings = {
				ALWAYS_SEARCH_USER_PATHS = NO;
				CLANG_ANALYZER_NONNULL = YES;
				CLANG_ANALYZER_NUMBER_OBJECT_CONVERSION = YES_AGGRESSIVE;
				CLANG_CXX_LANGUAGE_STANDARD = "gnu++14";
				CLANG_CXX_LIBRARY = "libc++";
				CLANG_ENABLE_MODULES = YES;
				CLANG_ENABLE_OBJC_ARC = YES;
				CLANG_ENABLE_OBJC_WEAK = YES;
				CLANG_WARN_BLOCK_CAPTURE_AUTORELEASING = YES;
				CLANG_WARN_BOOL_CONVERSION = YES;
				CLANG_WARN_COMMA = YES;
				CLANG_WARN_CONSTANT_CONVERSION = YES;
				CLANG_WARN_DEPRECATED_OBJC_IMPLEMENTATIONS = YES;
				CLANG_WARN_DIRECT_OBJC_ISA_USAGE = YES_ERROR;
				CLANG_WARN_DOCUMENTATION_COMMENTS = YES;
				CLANG_WARN_EMPTY_BODY = YES;
				CLANG_WARN_ENUM_CONVERSION = YES;
				CLANG_WARN_INFINITE_RECURSION = YES;
				CLANG_WARN_INT_CONVERSION = YES;
				CLANG_WARN_NON_LITERAL_NULL_CONVERSION = YES;
				CLANG_WARN_OBJC_IMPLICIT_RETAIN_SELF = YES;
				CLANG_WARN_OBJC_LITERAL_CONVERSION = YES;
				CLANG_WARN_OBJC_ROOT_CLASS = YES_ERROR;
				CLANG_WARN_QUOTED_INCLUDE_IN_FRAMEWORK_HEADER = YES;
				CLANG_WARN_RANGE_LOOP_ANALYSIS = YES;
				CLANG_WARN_STRICT_PROTOTYPES = YES;
				CLANG_WARN_SUSPICIOUS_MOVE = YES;
				CLANG_WARN_UNGUARDED_AVAILABILITY = YES_AGGRESSIVE;
				CLANG_WARN_UNREACHABLE_CODE = YES;
				CLANG_WARN__DUPLICATE_METHOD_MATCH = YES;
				COPY_PHASE_STRIP = NO;
				CURRENT_PROJECT_VERSION = 1;
				DEBUG_INFORMATION_FORMAT = "dwarf-with-dsym";
				ENABLE_NS_ASSERTIONS = NO;
				ENABLE_STRICT_OBJC_MSGSEND = YES;
				GCC_C_LANGUAGE_STANDARD = gnu11;
				GCC_NO_COMMON_BLOCKS = YES;
				GCC_WARN_64_TO_32_BIT_CONVERSION = YES;
				GCC_WARN_ABOUT_RETURN_TYPE = YES_ERROR;
				GCC_WARN_UNDECLARED_SELECTOR = YES;
				GCC_WARN_UNINITIALIZED_AUTOS = YES_AGGRESSIVE;
				GCC_WARN_UNUSED_FUNCTION = YES;
				GCC_WARN_UNUSED_VARIABLE = YES;
				IPHONEOS_DEPLOYMENT_TARGET = 12.0;
				MTL_ENABLE_DEBUG_INFO = NO;
				MTL_FAST_MATH = YES;
				SDKROOT = iphoneos;
				SWIFT_COMPILATION_MODE = wholemodule;
				SWIFT_OPTIMIZATION_LEVEL = "-O";
				VALIDATE_PRODUCT = YES;
				VERSIONING_SYSTEM = "apple-generic";
				VERSION_INFO_PREFIX = "";
			};
			name = Release;
		};
		6D3684A423BF82A600492195 /* Debug */ = {
			isa = XCBuildConfiguration;
			buildSettings = {
				APPLICATION_EXTENSION_API_ONLY = YES;
				CLANG_ENABLE_MODULES = YES;
				CODE_SIGN_STYLE = Automatic;
				CURRENT_PROJECT_VERSION = 0;
				DEFINES_MODULE = YES;
				DYLIB_COMPATIBILITY_VERSION = 1;
				DYLIB_CURRENT_VERSION = 1;
				DYLIB_INSTALL_NAME_BASE = "@rpath";
				INFOPLIST_FILE = Sources/Info.plist;
				INSTALL_PATH = "$(LOCAL_LIBRARY_DIR)/Frameworks";
				IPHONEOS_DEPLOYMENT_TARGET = 12.0;
				"IPHONEOS_DEPLOYMENT_TARGET[sdk=macosx*]" = 14.2;
				LD_RUNPATH_SEARCH_PATHS = (
					"$(inherited)",
					"@executable_path/Frameworks",
					"@loader_path/Frameworks",
				);
				MARKETING_VERSION = 1.7;
				PRODUCT_BUNDLE_IDENTIFIER = dev.leacode.SwiftWings;
				PRODUCT_NAME = "$(TARGET_NAME:c99extidentifier)";
				SKIP_INSTALL = YES;
				SUPPORTS_MACCATALYST = YES;
				SUPPORTS_MAC_DESIGNED_FOR_IPHONE_IPAD = YES;
				SWIFT_OPTIMIZATION_LEVEL = "-Onone";
				SWIFT_VERSION = 5.0;
				TARGETED_DEVICE_FAMILY = "1,2,6";
			};
			name = Debug;
		};
		6D3684A523BF82A600492195 /* Release */ = {
			isa = XCBuildConfiguration;
			buildSettings = {
				APPLICATION_EXTENSION_API_ONLY = YES;
				CLANG_ENABLE_MODULES = YES;
				CODE_SIGN_STYLE = Automatic;
				CURRENT_PROJECT_VERSION = 0;
				DEFINES_MODULE = YES;
				DYLIB_COMPATIBILITY_VERSION = 1;
				DYLIB_CURRENT_VERSION = 1;
				DYLIB_INSTALL_NAME_BASE = "@rpath";
				INFOPLIST_FILE = Sources/Info.plist;
				INSTALL_PATH = "$(LOCAL_LIBRARY_DIR)/Frameworks";
				IPHONEOS_DEPLOYMENT_TARGET = 12.0;
				"IPHONEOS_DEPLOYMENT_TARGET[sdk=macosx*]" = 14.2;
				LD_RUNPATH_SEARCH_PATHS = (
					"$(inherited)",
					"@executable_path/Frameworks",
					"@loader_path/Frameworks",
				);
				MARKETING_VERSION = 1.7;
				PRODUCT_BUNDLE_IDENTIFIER = dev.leacode.SwiftWings;
				PRODUCT_NAME = "$(TARGET_NAME:c99extidentifier)";
				SKIP_INSTALL = YES;
				SUPPORTS_MACCATALYST = YES;
				SUPPORTS_MAC_DESIGNED_FOR_IPHONE_IPAD = YES;
				SWIFT_VERSION = 5.0;
				TARGETED_DEVICE_FAMILY = "1,2,6";
			};
			name = Release;
		};
		6D3684B823BF844000492195 /* Debug */ = {
			isa = XCBuildConfiguration;
			buildSettings = {
				"CODE_SIGN_IDENTITY[sdk=macosx*]" = "Apple Development";
				CODE_SIGN_STYLE = Automatic;
				DEVELOPMENT_TEAM = Y85J467HQH;
				INFOPLIST_FILE = Tests/Info.plist;
				LD_RUNPATH_SEARCH_PATHS = (
					"$(inherited)",
					"@executable_path/Frameworks",
					"@loader_path/Frameworks",
				);
				PRODUCT_BUNDLE_IDENTIFIER = dev.leacode.SwiftWingsTests;
				PRODUCT_NAME = "$(TARGET_NAME)";
				SDKROOT = iphoneos;
				SWIFT_VERSION = 5.0;
			};
			name = Debug;
		};
		6D3684B923BF844000492195 /* Release */ = {
			isa = XCBuildConfiguration;
			buildSettings = {
				"CODE_SIGN_IDENTITY[sdk=macosx*]" = "Apple Development";
				CODE_SIGN_STYLE = Automatic;
				DEVELOPMENT_TEAM = Y85J467HQH;
				INFOPLIST_FILE = Tests/Info.plist;
				LD_RUNPATH_SEARCH_PATHS = (
					"$(inherited)",
					"@executable_path/Frameworks",
					"@loader_path/Frameworks",
				);
				PRODUCT_BUNDLE_IDENTIFIER = dev.leacode.SwiftWingsTests;
				PRODUCT_NAME = "$(TARGET_NAME)";
				SDKROOT = iphoneos;
				SWIFT_VERSION = 5.0;
			};
			name = Release;
		};
/* End XCBuildConfiguration section */

/* Begin XCConfigurationList section */
		1FAA86EE257C450200931FB9 /* Build configuration list for PBXNativeTarget "SwiftWings macOS" */ = {
			isa = XCConfigurationList;
			buildConfigurations = (
				1FAA86EF257C450200931FB9 /* Debug */,
				1FAA86F0257C450200931FB9 /* Release */,
			);
			defaultConfigurationIsVisible = 0;
			defaultConfigurationName = Release;
		};
		6D21BEC323CC3F2F00526DAF /* Build configuration list for PBXNativeTarget "SwiftWings watchOS" */ = {
			isa = XCConfigurationList;
			buildConfigurations = (
				6D21BEC423CC3F2F00526DAF /* Debug */,
				6D21BEC523CC3F2F00526DAF /* Release */,
			);
			defaultConfigurationIsVisible = 0;
			defaultConfigurationName = Release;
		};
		6D21BED523CC3F6500526DAF /* Build configuration list for PBXNativeTarget "SwiftWings tvOS" */ = {
			isa = XCConfigurationList;
			buildConfigurations = (
				6D21BED623CC3F6500526DAF /* Debug */,
				6D21BED723CC3F6500526DAF /* Release */,
			);
			defaultConfigurationIsVisible = 0;
			defaultConfigurationName = Release;
		};
		6D36849523BF82A600492195 /* Build configuration list for PBXProject "SwiftWings" */ = {
			isa = XCConfigurationList;
			buildConfigurations = (
				6D3684A123BF82A600492195 /* Debug */,
				6D3684A223BF82A600492195 /* Release */,
			);
			defaultConfigurationIsVisible = 0;
			defaultConfigurationName = Release;
		};
		6D3684A323BF82A600492195 /* Build configuration list for PBXNativeTarget "SwiftWings" */ = {
			isa = XCConfigurationList;
			buildConfigurations = (
				6D3684A423BF82A600492195 /* Debug */,
				6D3684A523BF82A600492195 /* Release */,
			);
			defaultConfigurationIsVisible = 0;
			defaultConfigurationName = Release;
		};
		6D3684B723BF844000492195 /* Build configuration list for PBXNativeTarget "SwiftWingsTests" */ = {
			isa = XCConfigurationList;
			buildConfigurations = (
				6D3684B823BF844000492195 /* Debug */,
				6D3684B923BF844000492195 /* Release */,
			);
			defaultConfigurationIsVisible = 0;
			defaultConfigurationName = Release;
		};
/* End XCConfigurationList section */
	};
	rootObject = 6D36849223BF82A600492195 /* Project object */;
}
